// !$*UTF8*$!
{
	archiveVersion = 1;
	classes = {
	};
	objectVersion = 46;
	objects = {

/* Begin PBXBuildFile section */
		20414BFB192B32DD007D8AF3 /* SetCardGameViewController.m in Sources */ = {isa = PBXBuildFile; fileRef = 20414BFA192B32DD007D8AF3 /* SetCardGameViewController.m */; };
		205A3AA01910B77E00043147 /* Foundation.framework in Frameworks */ = {isa = PBXBuildFile; fileRef = 205A3A9F1910B77E00043147 /* Foundation.framework */; };
		205A3AA21910B77E00043147 /* CoreGraphics.framework in Frameworks */ = {isa = PBXBuildFile; fileRef = 205A3AA11910B77E00043147 /* CoreGraphics.framework */; };
		205A3AA41910B77E00043147 /* UIKit.framework in Frameworks */ = {isa = PBXBuildFile; fileRef = 205A3AA31910B77E00043147 /* UIKit.framework */; };
		205A3AAA1910B77E00043147 /* InfoPlist.strings in Resources */ = {isa = PBXBuildFile; fileRef = 205A3AA81910B77E00043147 /* InfoPlist.strings */; };
		205A3AAC1910B77E00043147 /* main.m in Sources */ = {isa = PBXBuildFile; fileRef = 205A3AAB1910B77E00043147 /* main.m */; };
		205A3AB01910B77E00043147 /* CardGameAppDelegate.m in Sources */ = {isa = PBXBuildFile; fileRef = 205A3AAF1910B77E00043147 /* CardGameAppDelegate.m */; };
		205A3AB31910B77E00043147 /* Main.storyboard in Resources */ = {isa = PBXBuildFile; fileRef = 205A3AB11910B77E00043147 /* Main.storyboard */; };
		205A3AB61910B77E00043147 /* CardGameViewController.m in Sources */ = {isa = PBXBuildFile; fileRef = 205A3AB51910B77E00043147 /* CardGameViewController.m */; };
		205A3AB81910B77E00043147 /* Images.xcassets in Resources */ = {isa = PBXBuildFile; fileRef = 205A3AB71910B77E00043147 /* Images.xcassets */; };
		205A3ABF1910B77E00043147 /* XCTest.framework in Frameworks */ = {isa = PBXBuildFile; fileRef = 205A3ABE1910B77E00043147 /* XCTest.framework */; };
		205A3AC01910B77E00043147 /* Foundation.framework in Frameworks */ = {isa = PBXBuildFile; fileRef = 205A3A9F1910B77E00043147 /* Foundation.framework */; };
		205A3AC11910B77E00043147 /* UIKit.framework in Frameworks */ = {isa = PBXBuildFile; fileRef = 205A3AA31910B77E00043147 /* UIKit.framework */; };
		205A3AC91910B77E00043147 /* InfoPlist.strings in Resources */ = {isa = PBXBuildFile; fileRef = 205A3AC71910B77E00043147 /* InfoPlist.strings */; };
		205A3ACB1910B77E00043147 /* MatchismoTests.m in Sources */ = {isa = PBXBuildFile; fileRef = 205A3ACA1910B77E00043147 /* MatchismoTests.m */; };
		205A3ADD1910B7C400043147 /* Card.m in Sources */ = {isa = PBXBuildFile; fileRef = 205A3AD61910B7C400043147 /* Card.m */; };
		205A3ADE1910B7C400043147 /* Deck.m in Sources */ = {isa = PBXBuildFile; fileRef = 205A3AD81910B7C400043147 /* Deck.m */; };
		205A3ADF1910B7C400043147 /* PlayingCard.m in Sources */ = {isa = PBXBuildFile; fileRef = 205A3ADA1910B7C400043147 /* PlayingCard.m */; };
		205A3AE01910B7C400043147 /* PlayingCardDeck.m in Sources */ = {isa = PBXBuildFile; fileRef = 205A3ADC1910B7C400043147 /* PlayingCardDeck.m */; };
		209EF3EC1913531700614354 /* CardMatchingGame.m in Sources */ = {isa = PBXBuildFile; fileRef = 209EF3EB1913531700614354 /* CardMatchingGame.m */; };
/* End PBXBuildFile section */

/* Begin PBXContainerItemProxy section */
		205A3AC21910B77E00043147 /* PBXContainerItemProxy */ = {
			isa = PBXContainerItemProxy;
			containerPortal = 205A3A941910B77E00043147 /* Project object */;
			proxyType = 1;
			remoteGlobalIDString = 205A3A9B1910B77E00043147;
			remoteInfo = Matchismo;
		};
/* End PBXContainerItemProxy section */

/* Begin PBXFileReference section */
		20414BF9192B32DD007D8AF3 /* SetCardGameViewController.h */ = {isa = PBXFileReference; fileEncoding = 4; lastKnownFileType = sourcecode.c.h; path = SetCardGameViewController.h; sourceTree = "<group>"; };
		20414BFA192B32DD007D8AF3 /* SetCardGameViewController.m */ = {isa = PBXFileReference; fileEncoding = 4; lastKnownFileType = sourcecode.c.objc; path = SetCardGameViewController.m; sourceTree = "<group>"; };
		205A3A9C1910B77E00043147 /* Matchismo.app */ = {isa = PBXFileReference; explicitFileType = wrapper.application; includeInIndex = 0; path = Matchismo.app; sourceTree = BUILT_PRODUCTS_DIR; };
		205A3A9F1910B77E00043147 /* Foundation.framework */ = {isa = PBXFileReference; lastKnownFileType = wrapper.framework; name = Foundation.framework; path = System/Library/Frameworks/Foundation.framework; sourceTree = SDKROOT; };
		205A3AA11910B77E00043147 /* CoreGraphics.framework */ = {isa = PBXFileReference; lastKnownFileType = wrapper.framework; name = CoreGraphics.framework; path = System/Library/Frameworks/CoreGraphics.framework; sourceTree = SDKROOT; };
		205A3AA31910B77E00043147 /* UIKit.framework */ = {isa = PBXFileReference; lastKnownFileType = wrapper.framework; name = UIKit.framework; path = System/Library/Frameworks/UIKit.framework; sourceTree = SDKROOT; };
		205A3AA71910B77E00043147 /* Matchismo-Info.plist */ = {isa = PBXFileReference; lastKnownFileType = text.plist.xml; path = "Matchismo-Info.plist"; sourceTree = "<group>"; };
		205A3AA91910B77E00043147 /* en */ = {isa = PBXFileReference; lastKnownFileType = text.plist.strings; name = en; path = en.lproj/InfoPlist.strings; sourceTree = "<group>"; };
		205A3AAB1910B77E00043147 /* main.m */ = {isa = PBXFileReference; lastKnownFileType = sourcecode.c.objc; path = main.m; sourceTree = "<group>"; };
		205A3AAD1910B77E00043147 /* Matchismo-Prefix.pch */ = {isa = PBXFileReference; lastKnownFileType = sourcecode.c.h; path = "Matchismo-Prefix.pch"; sourceTree = "<group>"; };
		205A3AAE1910B77E00043147 /* CardGameAppDelegate.h */ = {isa = PBXFileReference; lastKnownFileType = sourcecode.c.h; path = CardGameAppDelegate.h; sourceTree = "<group>"; };
		205A3AAF1910B77E00043147 /* CardGameAppDelegate.m */ = {isa = PBXFileReference; lastKnownFileType = sourcecode.c.objc; path = CardGameAppDelegate.m; sourceTree = "<group>"; };
		205A3AB21910B77E00043147 /* Base */ = {isa = PBXFileReference; lastKnownFileType = file.storyboard; name = Base; path = Base.lproj/Main.storyboard; sourceTree = "<group>"; };
		205A3AB41910B77E00043147 /* CardGameViewController.h */ = {isa = PBXFileReference; lastKnownFileType = sourcecode.c.h; path = CardGameViewController.h; sourceTree = "<group>"; };
		205A3AB51910B77E00043147 /* CardGameViewController.m */ = {isa = PBXFileReference; lastKnownFileType = sourcecode.c.objc; path = CardGameViewController.m; sourceTree = "<group>"; };
		205A3AB71910B77E00043147 /* Images.xcassets */ = {isa = PBXFileReference; lastKnownFileType = folder.assetcatalog; path = Images.xcassets; sourceTree = "<group>"; };
		205A3ABD1910B77E00043147 /* MatchismoTests.xctest */ = {isa = PBXFileReference; explicitFileType = wrapper.cfbundle; includeInIndex = 0; path = MatchismoTests.xctest; sourceTree = BUILT_PRODUCTS_DIR; };
		205A3ABE1910B77E00043147 /* XCTest.framework */ = {isa = PBXFileReference; lastKnownFileType = wrapper.framework; name = XCTest.framework; path = Library/Frameworks/XCTest.framework; sourceTree = DEVELOPER_DIR; };
		205A3AC61910B77E00043147 /* MatchismoTests-Info.plist */ = {isa = PBXFileReference; lastKnownFileType = text.plist.xml; path = "MatchismoTests-Info.plist"; sourceTree = "<group>"; };
		205A3AC81910B77E00043147 /* en */ = {isa = PBXFileReference; lastKnownFileType = text.plist.strings; name = en; path = en.lproj/InfoPlist.strings; sourceTree = "<group>"; };
		205A3ACA1910B77E00043147 /* MatchismoTests.m */ = {isa = PBXFileReference; lastKnownFileType = sourcecode.c.objc; path = MatchismoTests.m; sourceTree = "<group>"; };
		205A3AD51910B7C400043147 /* Card.h */ = {isa = PBXFileReference; fileEncoding = 4; lastKnownFileType = sourcecode.c.h; path = Card.h; sourceTree = "<group>"; };
		205A3AD61910B7C400043147 /* Card.m */ = {isa = PBXFileReference; fileEncoding = 4; lastKnownFileType = sourcecode.c.objc; path = Card.m; sourceTree = "<group>"; };
		205A3AD71910B7C400043147 /* Deck.h */ = {isa = PBXFileReference; fileEncoding = 4; lastKnownFileType = sourcecode.c.h; path = Deck.h; sourceTree = "<group>"; };
		205A3AD81910B7C400043147 /* Deck.m */ = {isa = PBXFileReference; fileEncoding = 4; lastKnownFileType = sourcecode.c.objc; path = Deck.m; sourceTree = "<group>"; };
		205A3AD91910B7C400043147 /* PlayingCard.h */ = {isa = PBXFileReference; fileEncoding = 4; lastKnownFileType = sourcecode.c.h; path = PlayingCard.h; sourceTree = "<group>"; };
		205A3ADA1910B7C400043147 /* PlayingCard.m */ = {isa = PBXFileReference; fileEncoding = 4; lastKnownFileType = sourcecode.c.objc; path = PlayingCard.m; sourceTree = "<group>"; };
		205A3ADB1910B7C400043147 /* PlayingCardDeck.h */ = {isa = PBXFileReference; fileEncoding = 4; lastKnownFileType = sourcecode.c.h; path = PlayingCardDeck.h; sourceTree = "<group>"; };
		205A3ADC1910B7C400043147 /* PlayingCardDeck.m */ = {isa = PBXFileReference; fileEncoding = 4; lastKnownFileType = sourcecode.c.objc; path = PlayingCardDeck.m; sourceTree = "<group>"; };
		209EF3EA1913531700614354 /* CardMatchingGame.h */ = {isa = PBXFileReference; fileEncoding = 4; lastKnownFileType = sourcecode.c.h; path = CardMatchingGame.h; sourceTree = "<group>"; };
		209EF3EB1913531700614354 /* CardMatchingGame.m */ = {isa = PBXFileReference; fileEncoding = 4; lastKnownFileType = sourcecode.c.objc; path = CardMatchingGame.m; sourceTree = "<group>"; };
/* End PBXFileReference section */

/* Begin PBXFrameworksBuildPhase section */
		205A3A991910B77E00043147 /* Frameworks */ = {
			isa = PBXFrameworksBuildPhase;
			buildActionMask = 2147483647;
			files = (
				205A3AA21910B77E00043147 /* CoreGraphics.framework in Frameworks */,
				205A3AA41910B77E00043147 /* UIKit.framework in Frameworks */,
				205A3AA01910B77E00043147 /* Foundation.framework in Frameworks */,
			);
			runOnlyForDeploymentPostprocessing = 0;
		};
		205A3ABA1910B77E00043147 /* Frameworks */ = {
			isa = PBXFrameworksBuildPhase;
			buildActionMask = 2147483647;
			files = (
				205A3ABF1910B77E00043147 /* XCTest.framework in Frameworks */,
				205A3AC11910B77E00043147 /* UIKit.framework in Frameworks */,
				205A3AC01910B77E00043147 /* Foundation.framework in Frameworks */,
			);
			runOnlyForDeploymentPostprocessing = 0;
		};
/* End PBXFrameworksBuildPhase section */

/* Begin PBXGroup section */
		205A3A931910B77E00043147 = {
			isa = PBXGroup;
			children = (
				205A3AA51910B77E00043147 /* Matchismo */,
				205A3AC41910B77E00043147 /* MatchismoTests */,
				205A3A9E1910B77E00043147 /* Frameworks */,
				205A3A9D1910B77E00043147 /* Products */,
			);
			sourceTree = "<group>";
		};
		205A3A9D1910B77E00043147 /* Products */ = {
			isa = PBXGroup;
			children = (
				205A3A9C1910B77E00043147 /* Matchismo.app */,
				205A3ABD1910B77E00043147 /* MatchismoTests.xctest */,
			);
			name = Products;
			sourceTree = "<group>";
		};
		205A3A9E1910B77E00043147 /* Frameworks */ = {
			isa = PBXGroup;
			children = (
				205A3A9F1910B77E00043147 /* Foundation.framework */,
				205A3AA11910B77E00043147 /* CoreGraphics.framework */,
				205A3AA31910B77E00043147 /* UIKit.framework */,
				205A3ABE1910B77E00043147 /* XCTest.framework */,
			);
			name = Frameworks;
			sourceTree = "<group>";
		};
		205A3AA51910B77E00043147 /* Matchismo */ = {
			isa = PBXGroup;
			children = (
				205A3AB11910B77E00043147 /* Main.storyboard */,
				20414BF9192B32DD007D8AF3 /* SetCardGameViewController.h */,
				20414BFA192B32DD007D8AF3 /* SetCardGameViewController.m */,
				205A3AB41910B77E00043147 /* CardGameViewController.h */,
				205A3AB51910B77E00043147 /* CardGameViewController.m */,
				205A3AD41910B7C400043147 /* models */,
				205A3AA61910B77E00043147 /* Supporting Files */,
			);
			path = Matchismo;
			sourceTree = "<group>";
		};
		205A3AA61910B77E00043147 /* Supporting Files */ = {
			isa = PBXGroup;
			children = (
				205A3AB71910B77E00043147 /* Images.xcassets */,
				205A3AAE1910B77E00043147 /* CardGameAppDelegate.h */,
				205A3AAF1910B77E00043147 /* CardGameAppDelegate.m */,
				205A3AA71910B77E00043147 /* Matchismo-Info.plist */,
				205A3AA81910B77E00043147 /* InfoPlist.strings */,
				205A3AAB1910B77E00043147 /* main.m */,
				205A3AAD1910B77E00043147 /* Matchismo-Prefix.pch */,
			);
			name = "Supporting Files";
			sourceTree = "<group>";
		};
		205A3AC41910B77E00043147 /* MatchismoTests */ = {
			isa = PBXGroup;
			children = (
				205A3ACA1910B77E00043147 /* MatchismoTests.m */,
				205A3AC51910B77E00043147 /* Supporting Files */,
			);
			path = MatchismoTests;
			sourceTree = "<group>";
		};
		205A3AC51910B77E00043147 /* Supporting Files */ = {
			isa = PBXGroup;
			children = (
				205A3AC61910B77E00043147 /* MatchismoTests-Info.plist */,
				205A3AC71910B77E00043147 /* InfoPlist.strings */,
			);
			name = "Supporting Files";
			sourceTree = "<group>";
		};
		205A3AD41910B7C400043147 /* models */ = {
			isa = PBXGroup;
			children = (
				209EF3EA1913531700614354 /* CardMatchingGame.h */,
				209EF3EB1913531700614354 /* CardMatchingGame.m */,
				205A3AD51910B7C400043147 /* Card.h */,
				205A3AD61910B7C400043147 /* Card.m */,
				205A3AD71910B7C400043147 /* Deck.h */,
				205A3AD81910B7C400043147 /* Deck.m */,
				205A3AD91910B7C400043147 /* PlayingCard.h */,
				205A3ADA1910B7C400043147 /* PlayingCard.m */,
				205A3ADB1910B7C400043147 /* PlayingCardDeck.h */,
				205A3ADC1910B7C400043147 /* PlayingCardDeck.m */,
			);
			path = models;
			sourceTree = "<group>";
		};
/* End PBXGroup section */

/* Begin PBXNativeTarget section */
		205A3A9B1910B77E00043147 /* Matchismo */ = {
			isa = PBXNativeTarget;
			buildConfigurationList = 205A3ACE1910B77E00043147 /* Build configuration list for PBXNativeTarget "Matchismo" */;
			buildPhases = (
				205A3A981910B77E00043147 /* Sources */,
				205A3A991910B77E00043147 /* Frameworks */,
				205A3A9A1910B77E00043147 /* Resources */,
			);
			buildRules = (
			);
			dependencies = (
			);
			name = Matchismo;
			productName = Matchismo;
			productReference = 205A3A9C1910B77E00043147 /* Matchismo.app */;
			productType = "com.apple.product-type.application";
		};
		205A3ABC1910B77E00043147 /* MatchismoTests */ = {
			isa = PBXNativeTarget;
			buildConfigurationList = 205A3AD11910B77E00043147 /* Build configuration list for PBXNativeTarget "MatchismoTests" */;
			buildPhases = (
				205A3AB91910B77E00043147 /* Sources */,
				205A3ABA1910B77E00043147 /* Frameworks */,
				205A3ABB1910B77E00043147 /* Resources */,
			);
			buildRules = (
			);
			dependencies = (
				205A3AC31910B77E00043147 /* PBXTargetDependency */,
			);
			name = MatchismoTests;
			productName = MatchismoTests;
			productReference = 205A3ABD1910B77E00043147 /* MatchismoTests.xctest */;
			productType = "com.apple.product-type.bundle.unit-test";
		};
/* End PBXNativeTarget section */

/* Begin PBXProject section */
		205A3A941910B77E00043147 /* Project object */ = {
			isa = PBXProject;
			attributes = {
				CLASSPREFIX = CardGame;
				LastUpgradeCheck = 0510;
				ORGANIZATIONNAME = "___FULLUSERNAME___";
				TargetAttributes = {
					205A3ABC1910B77E00043147 = {
						TestTargetID = 205A3A9B1910B77E00043147;
					};
				};
			};
			buildConfigurationList = 205A3A971910B77E00043147 /* Build configuration list for PBXProject "Matchismo" */;
			compatibilityVersion = "Xcode 3.2";
			developmentRegion = English;
			hasScannedForEncodings = 0;
			knownRegions = (
				en,
				Base,
			);
			mainGroup = 205A3A931910B77E00043147;
			productRefGroup = 205A3A9D1910B77E00043147 /* Products */;
			projectDirPath = "";
			projectRoot = "";
			targets = (
				205A3A9B1910B77E00043147 /* Matchismo */,
				205A3ABC1910B77E00043147 /* MatchismoTests */,
			);
		};
/* End PBXProject section */

/* Begin PBXResourcesBuildPhase section */
		205A3A9A1910B77E00043147 /* Resources */ = {
			isa = PBXResourcesBuildPhase;
			buildActionMask = 2147483647;
			files = (
				205A3AB81910B77E00043147 /* Images.xcassets in Resources */,
				205A3AAA1910B77E00043147 /* InfoPlist.strings in Resources */,
				205A3AB31910B77E00043147 /* Main.storyboard in Resources */,
			);
			runOnlyForDeploymentPostprocessing = 0;
		};
		205A3ABB1910B77E00043147 /* Resources */ = {
			isa = PBXResourcesBuildPhase;
			buildActionMask = 2147483647;
			files = (
				205A3AC91910B77E00043147 /* InfoPlist.strings in Resources */,
			);
			runOnlyForDeploymentPostprocessing = 0;
		};
/* End PBXResourcesBuildPhase section */

/* Begin PBXSourcesBuildPhase section */
		205A3A981910B77E00043147 /* Sources */ = {
			isa = PBXSourcesBuildPhase;
			buildActionMask = 2147483647;
			files = (
				205A3ADF1910B7C400043147 /* PlayingCard.m in Sources */,
				205A3ADE1910B7C400043147 /* Deck.m in Sources */,
				205A3AB01910B77E00043147 /* CardGameAppDelegate.m in Sources */,
				205A3AB61910B77E00043147 /* CardGameViewController.m in Sources */,
				209EF3EC1913531700614354 /* CardMatchingGame.m in Sources */,
				205A3AE01910B7C400043147 /* PlayingCardDeck.m in Sources */,
				205A3AAC1910B77E00043147 /* main.m in Sources */,
				20414BFB192B32DD007D8AF3 /* SetCardGameViewController.m in Sources */,
				205A3ADD1910B7C400043147 /* Card.m in Sources */,
			);
			runOnlyForDeploymentPostprocessing = 0;
		};
		205A3AB91910B77E00043147 /* Sources */ = {
			isa = PBXSourcesBuildPhase;
			buildActionMask = 2147483647;
			files = (
				205A3ACB1910B77E00043147 /* MatchismoTests.m in Sources */,
			);
			runOnlyForDeploymentPostprocessing = 0;
		};
/* End PBXSourcesBuildPhase section */

/* Begin PBXTargetDependency section */
		205A3AC31910B77E00043147 /* PBXTargetDependency */ = {
			isa = PBXTargetDependency;
			target = 205A3A9B1910B77E00043147 /* Matchismo */;
			targetProxy = 205A3AC21910B77E00043147 /* PBXContainerItemProxy */;
		};
/* End PBXTargetDependency section */

/* Begin PBXVariantGroup section */
		205A3AA81910B77E00043147 /* InfoPlist.strings */ = {
			isa = PBXVariantGroup;
			children = (
				205A3AA91910B77E00043147 /* en */,
			);
			name = InfoPlist.strings;
			sourceTree = "<group>";
		};
		205A3AB11910B77E00043147 /* Main.storyboard */ = {
			isa = PBXVariantGroup;
			children = (
				205A3AB21910B77E00043147 /* Base */,
			);
			name = Main.storyboard;
			sourceTree = "<group>";
		};
		205A3AC71910B77E00043147 /* InfoPlist.strings */ = {
			isa = PBXVariantGroup;
			children = (
				205A3AC81910B77E00043147 /* en */,
			);
			name = InfoPlist.strings;
			sourceTree = "<group>";
		};
/* End PBXVariantGroup section */

/* Begin XCBuildConfiguration section */
		205A3ACC1910B77E00043147 /* Debug */ = {
			isa = XCBuildConfiguration;
			buildSettings = {
				ALWAYS_SEARCH_USER_PATHS = NO;
				CLANG_CXX_LANGUAGE_STANDARD = "gnu++0x";
				CLANG_CXX_LIBRARY = "libc++";
				CLANG_ENABLE_MODULES = YES;
				CLANG_ENABLE_OBJC_ARC = YES;
				CLANG_WARN_BOOL_CONVERSION = YES;
				CLANG_WARN_CONSTANT_CONVERSION = YES;
				CLANG_WARN_DIRECT_OBJC_ISA_USAGE = YES_ERROR;
				CLANG_WARN_EMPTY_BODY = YES;
				CLANG_WARN_ENUM_CONVERSION = YES;
				CLANG_WARN_INT_CONVERSION = YES;
				CLANG_WARN_OBJC_ROOT_CLASS = YES_ERROR;
				CLANG_WARN__DUPLICATE_METHOD_MATCH = YES;
				"CODE_SIGN_IDENTITY[sdk=iphoneos*]" = "iPhone Developer";
				COPY_PHASE_STRIP = NO;
				GCC_C_LANGUAGE_STANDARD = gnu99;
				GCC_DYNAMIC_NO_PIC = NO;
				GCC_OPTIMIZATION_LEVEL = 0;
				GCC_PREPROCESSOR_DEFINITIONS = (
					"DEBUG=1",
					"$(inherited)",
				);
				GCC_SYMBOLS_PRIVATE_EXTERN = NO;
				GCC_WARN_64_TO_32_BIT_CONVERSION = YES;
				GCC_WARN_ABOUT_RETURN_TYPE = YES_ERROR;
				GCC_WARN_UNDECLARED_SELECTOR = YES;
				GCC_WARN_UNINITIALIZED_AUTOS = YES_AGGRESSIVE;
				GCC_WARN_UNUSED_FUNCTION = YES;
				GCC_WARN_UNUSED_VARIABLE = YES;
				IPHONEOS_DEPLOYMENT_TARGET = 7.1;
				ONLY_ACTIVE_ARCH = YES;
				SDKROOT = iphoneos;
			};
			name = Debug;
		};
		205A3ACD1910B77E00043147 /* Release */ = {
			isa = XCBuildConfiguration;
			buildSettings = {
				ALWAYS_SEARCH_USER_PATHS = NO;
				CLANG_CXX_LANGUAGE_STANDARD = "gnu++0x";
				CLANG_CXX_LIBRARY = "libc++";
				CLANG_ENABLE_MODULES = YES;
				CLANG_ENABLE_OBJC_ARC = YES;
				CLANG_WARN_BOOL_CONVERSION = YES;
				CLANG_WARN_CONSTANT_CONVERSION = YES;
				CLANG_WARN_DIRECT_OBJC_ISA_USAGE = YES_ERROR;
				CLANG_WARN_EMPTY_BODY = YES;
				CLANG_WARN_ENUM_CONVERSION = YES;
				CLANG_WARN_INT_CONVERSION = YES;
				CLANG_WARN_OBJC_ROOT_CLASS = YES_ERROR;
				CLANG_WARN__DUPLICATE_METHOD_MATCH = YES;
				"CODE_SIGN_IDENTITY[sdk=iphoneos*]" = "iPhone Developer";
				COPY_PHASE_STRIP = YES;
				ENABLE_NS_ASSERTIONS = NO;
				GCC_C_LANGUAGE_STANDARD = gnu99;
				GCC_WARN_64_TO_32_BIT_CONVERSION = YES;
				GCC_WARN_ABOUT_RETURN_TYPE = YES_ERROR;
				GCC_WARN_UNDECLARED_SELECTOR = YES;
				GCC_WARN_UNINITIALIZED_AUTOS = YES_AGGRESSIVE;
				GCC_WARN_UNUSED_FUNCTION = YES;
				GCC_WARN_UNUSED_VARIABLE = YES;
				IPHONEOS_DEPLOYMENT_TARGET = 7.1;
				SDKROOT = iphoneos;
				VALIDATE_PRODUCT = YES;
			};
			name = Release;
		};
		205A3ACF1910B77E00043147 /* Debug */ = {
			isa = XCBuildConfiguration;
			buildSettings = {
				ASSETCATALOG_COMPILER_APPICON_NAME = AppIcon;
				ASSETCATALOG_COMPILER_LAUNCHIMAGE_NAME = LaunchImage;
				GCC_PRECOMPILE_PREFIX_HEADER = YES;
				GCC_PREFIX_HEADER = "Matchismo/Matchismo-Prefix.pch";
				INFOPLIST_FILE = "Matchismo/Matchismo-Info.plist";
				PRODUCT_NAME = "$(TARGET_NAME)";
				WRAPPER_EXTENSION = app;
			};
			name = Debug;
		};
		205A3AD01910B77E00043147 /* Release */ = {
			isa = XCBuildConfiguration;
			buildSettings = {
				ASSETCATALOG_COMPILER_APPICON_NAME = AppIcon;
				ASSETCATALOG_COMPILER_LAUNCHIMAGE_NAME = LaunchImage;
				GCC_PRECOMPILE_PREFIX_HEADER = YES;
				GCC_PREFIX_HEADER = "Matchismo/Matchismo-Prefix.pch";
				INFOPLIST_FILE = "Matchismo/Matchismo-Info.plist";
				PRODUCT_NAME = "$(TARGET_NAME)";
				WRAPPER_EXTENSION = app;
			};
			name = Release;
		};
		205A3AD21910B77E00043147 /* Debug */ = {
			isa = XCBuildConfiguration;
			buildSettings = {
				BUNDLE_LOADER = "$(BUILT_PRODUCTS_DIR)/Matchismo.app/Matchismo";
				FRAMEWORK_SEARCH_PATHS = (
					"$(SDKROOT)/Developer/Library/Frameworks",
					"$(inherited)",
					"$(DEVELOPER_FRAMEWORKS_DIR)",
				);
				GCC_PRECOMPILE_PREFIX_HEADER = YES;
				GCC_PREFIX_HEADER = "Matchismo/Matchismo-Prefix.pch";
				GCC_PREPROCESSOR_DEFINITIONS = (
					"DEBUG=1",
					"$(inherited)",
				);
				INFOPLIST_FILE = "MatchismoTests/MatchismoTests-Info.plist";
				PRODUCT_NAME = "$(TARGET_NAME)";
				TEST_HOST = "$(BUNDLE_LOADER)";
				WRAPPER_EXTENSION = xctest;
			};
			name = Debug;
		};
		205A3AD31910B77E00043147 /* Release */ = {
			isa = XCBuildConfiguration;
			buildSettings = {
				BUNDLE_LOADER = "$(BUILT_PRODUCTS_DIR)/Matchismo.app/Matchismo";
				FRAMEWORK_SEARCH_PATHS = (
					"$(SDKROOT)/Developer/Library/Frameworks",
					"$(inherited)",
					"$(DEVELOPER_FRAMEWORKS_DIR)",
				);
				GCC_PRECOMPILE_PREFIX_HEADER = YES;
				GCC_PREFIX_HEADER = "Matchismo/Matchismo-Prefix.pch";
				INFOPLIST_FILE = "MatchismoTests/MatchismoTests-Info.plist";
				PRODUCT_NAME = "$(TARGET_NAME)";
				TEST_HOST = "$(BUNDLE_LOADER)";
				WRAPPER_EXTENSION = xctest;
			};
			name = Release;
		};
/* End XCBuildConfiguration section */

/* Begin XCConfigurationList section */
		205A3A971910B77E00043147 /* Build configuration list for PBXProject "Matchismo" */ = {
			isa = XCConfigurationList;
			buildConfigurations = (
				205A3ACC1910B77E00043147 /* Debug */,
				205A3ACD1910B77E00043147 /* Release */,
			);
			defaultConfigurationIsVisible = 0;
			defaultConfigurationName = Release;
		};
		205A3ACE1910B77E00043147 /* Build configuration list for PBXNativeTarget "Matchismo" */ = {
			isa = XCConfigurationList;
			buildConfigurations = (
				205A3ACF1910B77E00043147 /* Debug */,
				205A3AD01910B77E00043147 /* Release */,
			);
			defaultConfigurationIsVisible = 0;
			defaultConfigurationName = Release;
		};
		205A3AD11910B77E00043147 /* Build configuration list for PBXNativeTarget "MatchismoTests" */ = {
			isa = XCConfigurationList;
			buildConfigurations = (
				205A3AD21910B77E00043147 /* Debug */,
				205A3AD31910B77E00043147 /* Release */,
			);
			defaultConfigurationIsVisible = 0;
			defaultConfigurationName = Release;
		};
/* End XCConfigurationList section */
	};
	rootObject = 205A3A941910B77E00043147 /* Project object */;
}
