// !$*UTF8*$!
{
	archiveVersion = 1;
	classes = {
	};
	objectVersion = 46;
	objects = {

/* Begin PBXBuildFile section */
		204AE5191C399A5100F905BA /* ViewController2.swift in Sources */ = {isa = PBXBuildFile; fileRef = 204AE5181C399A5100F905BA /* ViewController2.swift */; };
		204AE51B1C39A63500F905BA /* ViewController3.swift in Sources */ = {isa = PBXBuildFile; fileRef = 204AE51A1C39A63500F905BA /* ViewController3.swift */; };
		207CF19E1C390BE400025272 /* AppDelegate.swift in Sources */ = {isa = PBXBuildFile; fileRef = 207CF19D1C390BE400025272 /* AppDelegate.swift */; };
		207CF1A01C390BE400025272 /* ViewController1.swift in Sources */ = {isa = PBXBuildFile; fileRef = 207CF19F1C390BE400025272 /* ViewController1.swift */; };
		207CF1A31C390BE400025272 /* Main.storyboard in Resources */ = {isa = PBXBuildFile; fileRef = 207CF1A11C390BE400025272 /* Main.storyboard */; };
		207CF1A51C390BE400025272 /* Assets.xcassets in Resources */ = {isa = PBXBuildFile; fileRef = 207CF1A41C390BE400025272 /* Assets.xcassets */; };
		207CF1A81C390BE400025272 /* LaunchScreen.storyboard in Resources */ = {isa = PBXBuildFile; fileRef = 207CF1A61C390BE400025272 /* LaunchScreen.storyboard */; };
/* End PBXBuildFile section */

/* Begin PBXFileReference section */
		204AE5181C399A5100F905BA /* ViewController2.swift */ = {isa = PBXFileReference; fileEncoding = 4; lastKnownFileType = sourcecode.swift; path = ViewController2.swift; sourceTree = "<group>"; };
		204AE51A1C39A63500F905BA /* ViewController3.swift */ = {isa = PBXFileReference; fileEncoding = 4; lastKnownFileType = sourcecode.swift; path = ViewController3.swift; sourceTree = "<group>"; };
		207CF19A1C390BE400025272 /* auto-layout-constraints.app */ = {isa = PBXFileReference; explicitFileType = wrapper.application; includeInIndex = 0; path = "auto-layout-constraints.app"; sourceTree = BUILT_PRODUCTS_DIR; };
		207CF19D1C390BE400025272 /* AppDelegate.swift */ = {isa = PBXFileReference; lastKnownFileType = sourcecode.swift; path = AppDelegate.swift; sourceTree = "<group>"; };
		207CF19F1C390BE400025272 /* ViewController1.swift */ = {isa = PBXFileReference; lastKnownFileType = sourcecode.swift; path = ViewController1.swift; sourceTree = "<group>"; };
		207CF1A21C390BE400025272 /* Base */ = {isa = PBXFileReference; lastKnownFileType = file.storyboard; name = Base; path = Base.lproj/Main.storyboard; sourceTree = "<group>"; };
		207CF1A41C390BE400025272 /* Assets.xcassets */ = {isa = PBXFileReference; lastKnownFileType = folder.assetcatalog; path = Assets.xcassets; sourceTree = "<group>"; };
		207CF1A71C390BE400025272 /* Base */ = {isa = PBXFileReference; lastKnownFileType = file.storyboard; name = Base; path = Base.lproj/LaunchScreen.storyboard; sourceTree = "<group>"; };
		207CF1A91C390BE400025272 /* Info.plist */ = {isa = PBXFileReference; lastKnownFileType = text.plist.xml; path = Info.plist; sourceTree = "<group>"; };
/* End PBXFileReference section */

/* Begin PBXFrameworksBuildPhase section */
		207CF1971C390BE400025272 /* Frameworks */ = {
			isa = PBXFrameworksBuildPhase;
			buildActionMask = 2147483647;
			files = (
			);
			runOnlyForDeploymentPostprocessing = 0;
		};
/* End PBXFrameworksBuildPhase section */

/* Begin PBXGroup section */
		207CF1911C390BE400025272 = {
			isa = PBXGroup;
			children = (
				207CF19C1C390BE400025272 /* auto-layout-constraints */,
				207CF19B1C390BE400025272 /* Products */,
			);
			sourceTree = "<group>";
		};
		207CF19B1C390BE400025272 /* Products */ = {
			isa = PBXGroup;
			children = (
				207CF19A1C390BE400025272 /* auto-layout-constraints.app */,
			);
			name = Products;
			sourceTree = "<group>";
		};
		207CF19C1C390BE400025272 /* auto-layout-constraints */ = {
			isa = PBXGroup;
			children = (
				207CF19D1C390BE400025272 /* AppDelegate.swift */,
				207CF19F1C390BE400025272 /* ViewController1.swift */,
				204AE5181C399A5100F905BA /* ViewController2.swift */,
				204AE51A1C39A63500F905BA /* ViewController3.swift */,
				207CF1A11C390BE400025272 /* Main.storyboard */,
				207CF1A41C390BE400025272 /* Assets.xcassets */,
				207CF1A61C390BE400025272 /* LaunchScreen.storyboard */,
				207CF1A91C390BE400025272 /* Info.plist */,
			);
			path = "auto-layout-constraints";
			sourceTree = "<group>";
		};
/* End PBXGroup section */

/* Begin PBXNativeTarget section */
		207CF1991C390BE400025272 /* auto-layout-constraints */ = {
			isa = PBXNativeTarget;
			buildConfigurationList = 207CF1AC1C390BE400025272 /* Build configuration list for PBXNativeTarget "auto-layout-constraints" */;
			buildPhases = (
				207CF1961C390BE400025272 /* Sources */,
				207CF1971C390BE400025272 /* Frameworks */,
				207CF1981C390BE400025272 /* Resources */,
			);
			buildRules = (
			);
			dependencies = (
			);
			name = "auto-layout-constraints";
			productName = "auto-layout-constraints";
			productReference = 207CF19A1C390BE400025272 /* auto-layout-constraints.app */;
			productType = "com.apple.product-type.application";
		};
/* End PBXNativeTarget section */

/* Begin PBXProject section */
		207CF1921C390BE400025272 /* Project object */ = {
			isa = PBXProject;
			attributes = {
				LastSwiftUpdateCheck = 0720;
				LastUpgradeCheck = 0720;
				ORGANIZATIONNAME = "Ilya Shaisultanov";
				TargetAttributes = {
					207CF1991C390BE400025272 = {
						CreatedOnToolsVersion = 7.2;
						DevelopmentTeam = 5F6QZASLQP;
					};
				};
			};
			buildConfigurationList = 207CF1951C390BE400025272 /* Build configuration list for PBXProject "auto-layout-constraints" */;
			compatibilityVersion = "Xcode 3.2";
			developmentRegion = English;
			hasScannedForEncodings = 0;
			knownRegions = (
				en,
				Base,
			);
			mainGroup = 207CF1911C390BE400025272;
			productRefGroup = 207CF19B1C390BE400025272 /* Products */;
			projectDirPath = "";
			projectRoot = "";
			targets = (
				207CF1991C390BE400025272 /* auto-layout-constraints */,
			);
		};
/* End PBXProject section */

/* Begin PBXResourcesBuildPhase section */
		207CF1981C390BE400025272 /* Resources */ = {
			isa = PBXResourcesBuildPhase;
			buildActionMask = 2147483647;
			files = (
				207CF1A81C390BE400025272 /* LaunchScreen.storyboard in Resources */,
				207CF1A51C390BE400025272 /* Assets.xcassets in Resources */,
				207CF1A31C390BE400025272 /* Main.storyboard in Resources */,
			);
			runOnlyForDeploymentPostprocessing = 0;
		};
/* End PBXResourcesBuildPhase section */

/* Begin PBXSourcesBuildPhase section */
		207CF1961C390BE400025272 /* Sources */ = {
			isa = PBXSourcesBuildPhase;
			buildActionMask = 2147483647;
			files = (
				207CF1A01C390BE400025272 /* ViewController1.swift in Sources */,
				207CF19E1C390BE400025272 /* AppDelegate.swift in Sources */,
				204AE51B1C39A63500F905BA /* ViewController3.swift in Sources */,
				204AE5191C399A5100F905BA /* ViewController2.swift in Sources */,
			);
			runOnlyForDeploymentPostprocessing = 0;
		};
/* End PBXSourcesBuildPhase section */

/* Begin PBXVariantGroup section */
		207CF1A11C390BE400025272 /* Main.storyboard */ = {
			isa = PBXVariantGroup;
			children = (
				207CF1A21C390BE400025272 /* Base */,
			);
			name = Main.storyboard;
			sourceTree = "<group>";
		};
		207CF1A61C390BE400025272 /* LaunchScreen.storyboard */ = {
			isa = PBXVariantGroup;
			children = (
				207CF1A71C390BE400025272 /* Base */,
			);
			name = LaunchScreen.storyboard;
			sourceTree = "<group>";
		};
/* End PBXVariantGroup section */

/* Begin XCBuildConfiguration section */
		207CF1AA1C390BE400025272 /* Debug */ = {
			isa = XCBuildConfiguration;
			buildSettings = {
				ALWAYS_SEARCH_USER_PATHS = NO;
				CLANG_CXX_LANGUAGE_STANDARD = "gnu++0x";
				CLANG_CXX_LIBRARY = "libc++";
				CLANG_ENABLE_MODULES = YES;
				CLANG_ENABLE_OBJC_ARC = YES;
				CLANG_WARN_BOOL_CONVERSION = YES;
				CLANG_WARN_CONSTANT_CONVERSION = YES;
				CLANG_WARN_DIRECT_OBJC_ISA_USAGE = YES_ERROR;
				CLANG_WARN_EMPTY_BODY = YES;
				CLANG_WARN_ENUM_CONVERSION = YES;
				CLANG_WARN_INT_CONVERSION = YES;
				CLANG_WARN_OBJC_ROOT_CLASS = YES_ERROR;
				CLANG_WARN_UNREACHABLE_CODE = YES;
				CLANG_WARN__DUPLICATE_METHOD_MATCH = YES;
				"CODE_SIGN_IDENTITY[sdk=iphoneos*]" = "iPhone Developer";
				COPY_PHASE_STRIP = NO;
				DEBUG_INFORMATION_FORMAT = dwarf;
				ENABLE_STRICT_OBJC_MSGSEND = YES;
				ENABLE_TESTABILITY = YES;
				GCC_C_LANGUAGE_STANDARD = gnu99;
				GCC_DYNAMIC_NO_PIC = NO;
				GCC_NO_COMMON_BLOCKS = YES;
				GCC_OPTIMIZATION_LEVEL = 0;
				GCC_PREPROCESSOR_DEFINITIONS = (
					"DEBUG=1",
					"$(inherited)",
				);
				GCC_WARN_64_TO_32_BIT_CONVERSION = YES;
				GCC_WARN_ABOUT_RETURN_TYPE = YES_ERROR;
				GCC_WARN_UNDECLARED_SELECTOR = YES;
				GCC_WARN_UNINITIALIZED_AUTOS = YES_AGGRESSIVE;
				GCC_WARN_UNUSED_FUNCTION = YES;
				GCC_WARN_UNUSED_VARIABLE = YES;
				IPHONEOS_DEPLOYMENT_TARGET = 9.2;
				MTL_ENABLE_DEBUG_INFO = YES;
				ONLY_ACTIVE_ARCH = YES;
				SDKROOT = iphoneos;
				SWIFT_OPTIMIZATION_LEVEL = "-Onone";
			};
			name = Debug;
		};
		207CF1AB1C390BE400025272 /* Release */ = {
			isa = XCBuildConfiguration;
			buildSettings = {
				ALWAYS_SEARCH_USER_PATHS = NO;
				CLANG_CXX_LANGUAGE_STANDARD = "gnu++0x";
				CLANG_CXX_LIBRARY = "libc++";
				CLANG_ENABLE_MODULES = YES;
				CLANG_ENABLE_OBJC_ARC = YES;
				CLANG_WARN_BOOL_CONVERSION = YES;
				CLANG_WARN_CONSTANT_CONVERSION = YES;
				CLANG_WARN_DIRECT_OBJC_ISA_USAGE = YES_ERROR;
				CLANG_WARN_EMPTY_BODY = YES;
				CLANG_WARN_ENUM_CONVERSION = YES;
				CLANG_WARN_INT_CONVERSION = YES;
				CLANG_WARN_OBJC_ROOT_CLASS = YES_ERROR;
				CLANG_WARN_UNREACHABLE_CODE = YES;
				CLANG_WARN__DUPLICATE_METHOD_MATCH = YES;
				"CODE_SIGN_IDENTITY[sdk=iphoneos*]" = "iPhone Developer";
				COPY_PHASE_STRIP = NO;
				DEBUG_INFORMATION_FORMAT = "dwarf-with-dsym";
				ENABLE_NS_ASSERTIONS = NO;
				ENABLE_STRICT_OBJC_MSGSEND = YES;
				GCC_C_LANGUAGE_STANDARD = gnu99;
				GCC_NO_COMMON_BLOCKS = YES;
				GCC_WARN_64_TO_32_BIT_CONVERSION = YES;
				GCC_WARN_ABOUT_RETURN_TYPE = YES_ERROR;
				GCC_WARN_UNDECLARED_SELECTOR = YES;
				GCC_WARN_UNINITIALIZED_AUTOS = YES_AGGRESSIVE;
				GCC_WARN_UNUSED_FUNCTION = YES;
				GCC_WARN_UNUSED_VARIABLE = YES;
				IPHONEOS_DEPLOYMENT_TARGET = 9.2;
				MTL_ENABLE_DEBUG_INFO = NO;
				SDKROOT = iphoneos;
				VALIDATE_PRODUCT = YES;
			};
			name = Release;
		};
		207CF1AD1C390BE400025272 /* Debug */ = {
			isa = XCBuildConfiguration;
			buildSettings = {
				ASSETCATALOG_COMPILER_APPICON_NAME = AppIcon;
				INFOPLIST_FILE = "auto-layout-constraints/Info.plist";
				LD_RUNPATH_SEARCH_PATHS = "$(inherited) @executable_path/Frameworks";
				PRODUCT_BUNDLE_IDENTIFIER = "com.diversario.auto-layout-constraints";
				PRODUCT_NAME = "$(TARGET_NAME)";
			};
			name = Debug;
		};
		207CF1AE1C390BE400025272 /* Release */ = {
			isa = XCBuildConfiguration;
			buildSettings = {
				ASSETCATALOG_COMPILER_APPICON_NAME = AppIcon;
				INFOPLIST_FILE = "auto-layout-constraints/Info.plist";
				LD_RUNPATH_SEARCH_PATHS = "$(inherited) @executable_path/Frameworks";
				PRODUCT_BUNDLE_IDENTIFIER = "com.diversario.auto-layout-constraints";
				PRODUCT_NAME = "$(TARGET_NAME)";
			};
			name = Release;
		};
/* End XCBuildConfiguration section */

/* Begin XCConfigurationList section */
		207CF1951C390BE400025272 /* Build configuration list for PBXProject "auto-layout-constraints" */ = {
			isa = XCConfigurationList;
			buildConfigurations = (
				207CF1AA1C390BE400025272 /* Debug */,
				207CF1AB1C390BE400025272 /* Release */,
			);
			defaultConfigurationIsVisible = 0;
			defaultConfigurationName = Release;
		};
		207CF1AC1C390BE400025272 /* Build configuration list for PBXNativeTarget "auto-layout-constraints" */ = {
			isa = XCConfigurationList;
			buildConfigurations = (
				207CF1AD1C390BE400025272 /* Debug */,
				207CF1AE1C390BE400025272 /* Release */,
			);
			defaultConfigurationIsVisible = 0;
			defaultConfigurationName = Release;
		};
/* End XCConfigurationList section */
	};
	rootObject = 207CF1921C390BE400025272 /* Project object */;
}
