// !$*UTF8*$!
{
	archiveVersion = 1;
	classes = {
	};
	objectVersion = 46;
	objects = {

/* Begin PBXBuildFile section */
		20FDCB841C409336007D87F1 /* AppDelegate.swift in Sources */ = {isa = PBXBuildFile; fileRef = 20FDCB831C409336007D87F1 /* AppDelegate.swift */; };
		20FDCB861C409336007D87F1 /* YellowVC.swift in Sources */ = {isa = PBXBuildFile; fileRef = 20FDCB851C409336007D87F1 /* YellowVC.swift */; };
		20FDCB8B1C409336007D87F1 /* Assets.xcassets in Resources */ = {isa = PBXBuildFile; fileRef = 20FDCB8A1C409336007D87F1 /* Assets.xcassets */; };
		20FDCB8E1C409336007D87F1 /* LaunchScreen.storyboard in Resources */ = {isa = PBXBuildFile; fileRef = 20FDCB8C1C409336007D87F1 /* LaunchScreen.storyboard */; };
		20FDCB961C4093F8007D87F1 /* YellowVC.xib in Resources */ = {isa = PBXBuildFile; fileRef = 20FDCB951C4093F8007D87F1 /* YellowVC.xib */; };
		20FDCB9B1C409629007D87F1 /* BlueVC.swift in Sources */ = {isa = PBXBuildFile; fileRef = 20FDCB991C409629007D87F1 /* BlueVC.swift */; };
		20FDCB9C1C409629007D87F1 /* BlueVC.xib in Resources */ = {isa = PBXBuildFile; fileRef = 20FDCB9A1C409629007D87F1 /* BlueVC.xib */; };
/* End PBXBuildFile section */

/* Begin PBXFileReference section */
		20FDCB801C409336007D87F1 /* no-storyboards.app */ = {isa = PBXFileReference; explicitFileType = wrapper.application; includeInIndex = 0; path = "no-storyboards.app"; sourceTree = BUILT_PRODUCTS_DIR; };
		20FDCB831C409336007D87F1 /* AppDelegate.swift */ = {isa = PBXFileReference; lastKnownFileType = sourcecode.swift; path = AppDelegate.swift; sourceTree = "<group>"; };
		20FDCB851C409336007D87F1 /* YellowVC.swift */ = {isa = PBXFileReference; lastKnownFileType = sourcecode.swift; path = YellowVC.swift; sourceTree = "<group>"; };
		20FDCB8A1C409336007D87F1 /* Assets.xcassets */ = {isa = PBXFileReference; lastKnownFileType = folder.assetcatalog; path = Assets.xcassets; sourceTree = "<group>"; };
		20FDCB8D1C409336007D87F1 /* Base */ = {isa = PBXFileReference; lastKnownFileType = file.storyboard; name = Base; path = Base.lproj/LaunchScreen.storyboard; sourceTree = "<group>"; };
		20FDCB8F1C409336007D87F1 /* Info.plist */ = {isa = PBXFileReference; lastKnownFileType = text.plist.xml; path = Info.plist; sourceTree = "<group>"; };
		20FDCB951C4093F8007D87F1 /* YellowVC.xib */ = {isa = PBXFileReference; fileEncoding = 4; lastKnownFileType = file.xib; path = YellowVC.xib; sourceTree = "<group>"; };
		20FDCB991C409629007D87F1 /* BlueVC.swift */ = {isa = PBXFileReference; fileEncoding = 4; lastKnownFileType = sourcecode.swift; path = BlueVC.swift; sourceTree = "<group>"; };
		20FDCB9A1C409629007D87F1 /* BlueVC.xib */ = {isa = PBXFileReference; fileEncoding = 4; lastKnownFileType = file.xib; path = BlueVC.xib; sourceTree = "<group>"; };
/* End PBXFileReference section */

/* Begin PBXFrameworksBuildPhase section */
		20FDCB7D1C409336007D87F1 /* Frameworks */ = {
			isa = PBXFrameworksBuildPhase;
			buildActionMask = 2147483647;
			files = (
			);
			runOnlyForDeploymentPostprocessing = 0;
		};
/* End PBXFrameworksBuildPhase section */

/* Begin PBXGroup section */
		20FDCB771C409336007D87F1 = {
			isa = PBXGroup;
			children = (
				20FDCB821C409336007D87F1 /* no-storyboards */,
			);
			sourceTree = "<group>";
		};
		20FDCB811C409336007D87F1 /* Products */ = {
			isa = PBXGroup;
			children = (
				20FDCB801C409336007D87F1 /* no-storyboards.app */,
			);
			name = Products;
			path = ..;
			sourceTree = "<group>";
		};
		20FDCB821C409336007D87F1 /* no-storyboards */ = {
			isa = PBXGroup;
			children = (
				20FDCB981C409404007D87F1 /* Controller */,
				20FDCB971C409400007D87F1 /* View */,
				20FDCB831C409336007D87F1 /* AppDelegate.swift */,
				20FDCB8A1C409336007D87F1 /* Assets.xcassets */,
				20FDCB8C1C409336007D87F1 /* LaunchScreen.storyboard */,
				20FDCB8F1C409336007D87F1 /* Info.plist */,
				20FDCB811C409336007D87F1 /* Products */,
			);
			path = "no-storyboards";
			sourceTree = "<group>";
		};
		20FDCB971C409400007D87F1 /* View */ = {
			isa = PBXGroup;
			children = (
				20FDCB9A1C409629007D87F1 /* BlueVC.xib */,
				20FDCB951C4093F8007D87F1 /* YellowVC.xib */,
			);
			name = View;
			sourceTree = "<group>";
		};
		20FDCB981C409404007D87F1 /* Controller */ = {
			isa = PBXGroup;
			children = (
				20FDCB851C409336007D87F1 /* YellowVC.swift */,
				20FDCB991C409629007D87F1 /* BlueVC.swift */,
			);
			name = Controller;
			sourceTree = "<group>";
		};
/* End PBXGroup section */

/* Begin PBXNativeTarget section */
		20FDCB7F1C409336007D87F1 /* no-storyboards */ = {
			isa = PBXNativeTarget;
			buildConfigurationList = 20FDCB921C409336007D87F1 /* Build configuration list for PBXNativeTarget "no-storyboards" */;
			buildPhases = (
				20FDCB7C1C409336007D87F1 /* Sources */,
				20FDCB7D1C409336007D87F1 /* Frameworks */,
				20FDCB7E1C409336007D87F1 /* Resources */,
			);
			buildRules = (
			);
			dependencies = (
			);
			name = "no-storyboards";
			productName = "no-storyboards";
			productReference = 20FDCB801C409336007D87F1 /* no-storyboards.app */;
			productType = "com.apple.product-type.application";
		};
/* End PBXNativeTarget section */

/* Begin PBXProject section */
		20FDCB781C409336007D87F1 /* Project object */ = {
			isa = PBXProject;
			attributes = {
				LastSwiftUpdateCheck = 0720;
				LastUpgradeCheck = 0720;
				ORGANIZATIONNAME = "Ilya Shaisultanov";
				TargetAttributes = {
					20FDCB7F1C409336007D87F1 = {
						CreatedOnToolsVersion = 7.2;
						DevelopmentTeam = 5F6QZASLQP;
					};
				};
			};
			buildConfigurationList = 20FDCB7B1C409336007D87F1 /* Build configuration list for PBXProject "no-storyboards" */;
			compatibilityVersion = "Xcode 3.2";
			developmentRegion = English;
			hasScannedForEncodings = 0;
			knownRegions = (
				en,
				Base,
			);
			mainGroup = 20FDCB771C409336007D87F1;
			productRefGroup = 20FDCB811C409336007D87F1 /* Products */;
			projectDirPath = "";
			projectRoot = "";
			targets = (
				20FDCB7F1C409336007D87F1 /* no-storyboards */,
			);
		};
/* End PBXProject section */

/* Begin PBXResourcesBuildPhase section */
		20FDCB7E1C409336007D87F1 /* Resources */ = {
			isa = PBXResourcesBuildPhase;
			buildActionMask = 2147483647;
			files = (
				20FDCB9C1C409629007D87F1 /* BlueVC.xib in Resources */,
				20FDCB961C4093F8007D87F1 /* YellowVC.xib in Resources */,
				20FDCB8E1C409336007D87F1 /* LaunchScreen.storyboard in Resources */,
				20FDCB8B1C409336007D87F1 /* Assets.xcassets in Resources */,
			);
			runOnlyForDeploymentPostprocessing = 0;
		};
/* End PBXResourcesBuildPhase section */

/* Begin PBXSourcesBuildPhase section */
		20FDCB7C1C409336007D87F1 /* Sources */ = {
			isa = PBXSourcesBuildPhase;
			buildActionMask = 2147483647;
			files = (
				20FDCB861C409336007D87F1 /* YellowVC.swift in Sources */,
				20FDCB841C409336007D87F1 /* AppDelegate.swift in Sources */,
				20FDCB9B1C409629007D87F1 /* BlueVC.swift in Sources */,
			);
			runOnlyForDeploymentPostprocessing = 0;
		};
/* End PBXSourcesBuildPhase section */

/* Begin PBXVariantGroup section */
		20FDCB8C1C409336007D87F1 /* LaunchScreen.storyboard */ = {
			isa = PBXVariantGroup;
			children = (
				20FDCB8D1C409336007D87F1 /* Base */,
			);
			name = LaunchScreen.storyboard;
			sourceTree = "<group>";
		};
/* End PBXVariantGroup section */

/* Begin XCBuildConfiguration section */
		20FDCB901C409336007D87F1 /* Debug */ = {
			isa = XCBuildConfiguration;
			buildSettings = {
				ALWAYS_SEARCH_USER_PATHS = NO;
				CLANG_CXX_LANGUAGE_STANDARD = "gnu++0x";
				CLANG_CXX_LIBRARY = "libc++";
				CLANG_ENABLE_MODULES = YES;
				CLANG_ENABLE_OBJC_ARC = YES;
				CLANG_WARN_BOOL_CONVERSION = YES;
				CLANG_WARN_CONSTANT_CONVERSION = YES;
				CLANG_WARN_DIRECT_OBJC_ISA_USAGE = YES_ERROR;
				CLANG_WARN_EMPTY_BODY = YES;
				CLANG_WARN_ENUM_CONVERSION = YES;
				CLANG_WARN_INT_CONVERSION = YES;
				CLANG_WARN_OBJC_ROOT_CLASS = YES_ERROR;
				CLANG_WARN_UNREACHABLE_CODE = YES;
				CLANG_WARN__DUPLICATE_METHOD_MATCH = YES;
				"CODE_SIGN_IDENTITY[sdk=iphoneos*]" = "iPhone Developer";
				COPY_PHASE_STRIP = NO;
				DEBUG_INFORMATION_FORMAT = dwarf;
				ENABLE_STRICT_OBJC_MSGSEND = YES;
				ENABLE_TESTABILITY = YES;
				GCC_C_LANGUAGE_STANDARD = gnu99;
				GCC_DYNAMIC_NO_PIC = NO;
				GCC_NO_COMMON_BLOCKS = YES;
				GCC_OPTIMIZATION_LEVEL = 0;
				GCC_PREPROCESSOR_DEFINITIONS = (
					"DEBUG=1",
					"$(inherited)",
				);
				GCC_WARN_64_TO_32_BIT_CONVERSION = YES;
				GCC_WARN_ABOUT_RETURN_TYPE = YES_ERROR;
				GCC_WARN_UNDECLARED_SELECTOR = YES;
				GCC_WARN_UNINITIALIZED_AUTOS = YES_AGGRESSIVE;
				GCC_WARN_UNUSED_FUNCTION = YES;
				GCC_WARN_UNUSED_VARIABLE = YES;
				IPHONEOS_DEPLOYMENT_TARGET = 9.2;
				MTL_ENABLE_DEBUG_INFO = YES;
				ONLY_ACTIVE_ARCH = YES;
				SDKROOT = iphoneos;
				SWIFT_OPTIMIZATION_LEVEL = "-Onone";
				TARGETED_DEVICE_FAMILY = "1,2";
			};
			name = Debug;
		};
		20FDCB911C409336007D87F1 /* Release */ = {
			isa = XCBuildConfiguration;
			buildSettings = {
				ALWAYS_SEARCH_USER_PATHS = NO;
				CLANG_CXX_LANGUAGE_STANDARD = "gnu++0x";
				CLANG_CXX_LIBRARY = "libc++";
				CLANG_ENABLE_MODULES = YES;
				CLANG_ENABLE_OBJC_ARC = YES;
				CLANG_WARN_BOOL_CONVERSION = YES;
				CLANG_WARN_CONSTANT_CONVERSION = YES;
				CLANG_WARN_DIRECT_OBJC_ISA_USAGE = YES_ERROR;
				CLANG_WARN_EMPTY_BODY = YES;
				CLANG_WARN_ENUM_CONVERSION = YES;
				CLANG_WARN_INT_CONVERSION = YES;
				CLANG_WARN_OBJC_ROOT_CLASS = YES_ERROR;
				CLANG_WARN_UNREACHABLE_CODE = YES;
				CLANG_WARN__DUPLICATE_METHOD_MATCH = YES;
				"CODE_SIGN_IDENTITY[sdk=iphoneos*]" = "iPhone Developer";
				COPY_PHASE_STRIP = NO;
				DEBUG_INFORMATION_FORMAT = "dwarf-with-dsym";
				ENABLE_NS_ASSERTIONS = NO;
				ENABLE_STRICT_OBJC_MSGSEND = YES;
				GCC_C_LANGUAGE_STANDARD = gnu99;
				GCC_NO_COMMON_BLOCKS = YES;
				GCC_WARN_64_TO_32_BIT_CONVERSION = YES;
				GCC_WARN_ABOUT_RETURN_TYPE = YES_ERROR;
				GCC_WARN_UNDECLARED_SELECTOR = YES;
				GCC_WARN_UNINITIALIZED_AUTOS = YES_AGGRESSIVE;
				GCC_WARN_UNUSED_FUNCTION = YES;
				GCC_WARN_UNUSED_VARIABLE = YES;
				IPHONEOS_DEPLOYMENT_TARGET = 9.2;
				MTL_ENABLE_DEBUG_INFO = NO;
				SDKROOT = iphoneos;
				TARGETED_DEVICE_FAMILY = "1,2";
				VALIDATE_PRODUCT = YES;
			};
			name = Release;
		};
		20FDCB931C409336007D87F1 /* Debug */ = {
			isa = XCBuildConfiguration;
			buildSettings = {
				ASSETCATALOG_COMPILER_APPICON_NAME = AppIcon;
				INFOPLIST_FILE = "no-storyboards/Info.plist";
				LD_RUNPATH_SEARCH_PATHS = "$(inherited) @executable_path/Frameworks";
				PRODUCT_BUNDLE_IDENTIFIER = "com.diversario.no-storyboards";
				PRODUCT_NAME = "$(TARGET_NAME)";
			};
			name = Debug;
		};
		20FDCB941C409336007D87F1 /* Release */ = {
			isa = XCBuildConfiguration;
			buildSettings = {
				ASSETCATALOG_COMPILER_APPICON_NAME = AppIcon;
				INFOPLIST_FILE = "no-storyboards/Info.plist";
				LD_RUNPATH_SEARCH_PATHS = "$(inherited) @executable_path/Frameworks";
				PRODUCT_BUNDLE_IDENTIFIER = "com.diversario.no-storyboards";
				PRODUCT_NAME = "$(TARGET_NAME)";
			};
			name = Release;
		};
/* End XCBuildConfiguration section */

/* Begin XCConfigurationList section */
		20FDCB7B1C409336007D87F1 /* Build configuration list for PBXProject "no-storyboards" */ = {
			isa = XCConfigurationList;
			buildConfigurations = (
				20FDCB901C409336007D87F1 /* Debug */,
				20FDCB911C409336007D87F1 /* Release */,
			);
			defaultConfigurationIsVisible = 0;
			defaultConfigurationName = Release;
		};
		20FDCB921C409336007D87F1 /* Build configuration list for PBXNativeTarget "no-storyboards" */ = {
			isa = XCConfigurationList;
			buildConfigurations = (
				20FDCB931C409336007D87F1 /* Debug */,
				20FDCB941C409336007D87F1 /* Release */,
			);
			defaultConfigurationIsVisible = 0;
		};
/* End XCConfigurationList section */
	};
	rootObject = 20FDCB781C409336007D87F1 /* Project object */;
}
