// !$*UTF8*$!
{
	archiveVersion = 1;
	classes = {
	};
	objectVersion = 46;
	objects = {

/* Begin PBXBuildFile section */
		204881EC1C3A24A700C6344B /* AppDelegate.swift in Sources */ = {isa = PBXBuildFile; fileRef = 204881EB1C3A24A700C6344B /* AppDelegate.swift */; };
		204881EE1C3A24A700C6344B /* ViewController.swift in Sources */ = {isa = PBXBuildFile; fileRef = 204881ED1C3A24A700C6344B /* ViewController.swift */; };
		204881F11C3A24A700C6344B /* Main.storyboard in Resources */ = {isa = PBXBuildFile; fileRef = 204881EF1C3A24A700C6344B /* Main.storyboard */; };
		204881F31C3A24A700C6344B /* Assets.xcassets in Resources */ = {isa = PBXBuildFile; fileRef = 204881F21C3A24A700C6344B /* Assets.xcassets */; };
		204881F61C3A24A700C6344B /* LaunchScreen.storyboard in Resources */ = {isa = PBXBuildFile; fileRef = 204881F41C3A24A700C6344B /* LaunchScreen.storyboard */; };
/* End PBXBuildFile section */

/* Begin PBXFileReference section */
		204881E81C3A24A700C6344B /* stack-exercise.app */ = {isa = PBXFileReference; explicitFileType = wrapper.application; includeInIndex = 0; path = "stack-exercise.app"; sourceTree = BUILT_PRODUCTS_DIR; };
		204881EB1C3A24A700C6344B /* AppDelegate.swift */ = {isa = PBXFileReference; lastKnownFileType = sourcecode.swift; path = AppDelegate.swift; sourceTree = "<group>"; };
		204881ED1C3A24A700C6344B /* ViewController.swift */ = {isa = PBXFileReference; lastKnownFileType = sourcecode.swift; path = ViewController.swift; sourceTree = "<group>"; };
		204881F01C3A24A700C6344B /* Base */ = {isa = PBXFileReference; lastKnownFileType = file.storyboard; name = Base; path = Base.lproj/Main.storyboard; sourceTree = "<group>"; };
		204881F21C3A24A700C6344B /* Assets.xcassets */ = {isa = PBXFileReference; lastKnownFileType = folder.assetcatalog; path = Assets.xcassets; sourceTree = "<group>"; };
		204881F51C3A24A700C6344B /* Base */ = {isa = PBXFileReference; lastKnownFileType = file.storyboard; name = Base; path = Base.lproj/LaunchScreen.storyboard; sourceTree = "<group>"; };
		204881F71C3A24A700C6344B /* Info.plist */ = {isa = PBXFileReference; lastKnownFileType = text.plist.xml; path = Info.plist; sourceTree = "<group>"; };
/* End PBXFileReference section */

/* Begin PBXFrameworksBuildPhase section */
		204881E51C3A24A700C6344B /* Frameworks */ = {
			isa = PBXFrameworksBuildPhase;
			buildActionMask = 2147483647;
			files = (
			);
			runOnlyForDeploymentPostprocessing = 0;
		};
/* End PBXFrameworksBuildPhase section */

/* Begin PBXGroup section */
		204881DF1C3A24A700C6344B = {
			isa = PBXGroup;
			children = (
				204881EA1C3A24A700C6344B /* stack-exercise */,
				204881E91C3A24A700C6344B /* Products */,
			);
			sourceTree = "<group>";
		};
		204881E91C3A24A700C6344B /* Products */ = {
			isa = PBXGroup;
			children = (
				204881E81C3A24A700C6344B /* stack-exercise.app */,
			);
			name = Products;
			sourceTree = "<group>";
		};
		204881EA1C3A24A700C6344B /* stack-exercise */ = {
			isa = PBXGroup;
			children = (
				204881EB1C3A24A700C6344B /* AppDelegate.swift */,
				204881ED1C3A24A700C6344B /* ViewController.swift */,
				204881EF1C3A24A700C6344B /* Main.storyboard */,
				204881F21C3A24A700C6344B /* Assets.xcassets */,
				204881F41C3A24A700C6344B /* LaunchScreen.storyboard */,
				204881F71C3A24A700C6344B /* Info.plist */,
			);
			path = "stack-exercise";
			sourceTree = "<group>";
		};
/* End PBXGroup section */

/* Begin PBXNativeTarget section */
		204881E71C3A24A700C6344B /* stack-exercise */ = {
			isa = PBXNativeTarget;
			buildConfigurationList = 204881FA1C3A24A700C6344B /* Build configuration list for PBXNativeTarget "stack-exercise" */;
			buildPhases = (
				204881E41C3A24A700C6344B /* Sources */,
				204881E51C3A24A700C6344B /* Frameworks */,
				204881E61C3A24A700C6344B /* Resources */,
			);
			buildRules = (
			);
			dependencies = (
			);
			name = "stack-exercise";
			productName = "stack-exercise";
			productReference = 204881E81C3A24A700C6344B /* stack-exercise.app */;
			productType = "com.apple.product-type.application";
		};
/* End PBXNativeTarget section */

/* Begin PBXProject section */
		204881E01C3A24A700C6344B /* Project object */ = {
			isa = PBXProject;
			attributes = {
				LastSwiftUpdateCheck = 0720;
				LastUpgradeCheck = 0720;
				ORGANIZATIONNAME = "Ilya Shaisultanov";
				TargetAttributes = {
					204881E71C3A24A700C6344B = {
						CreatedOnToolsVersion = 7.2;
						DevelopmentTeam = 5F6QZASLQP;
					};
				};
			};
			buildConfigurationList = 204881E31C3A24A700C6344B /* Build configuration list for PBXProject "stack-exercise" */;
			compatibilityVersion = "Xcode 3.2";
			developmentRegion = English;
			hasScannedForEncodings = 0;
			knownRegions = (
				en,
				Base,
			);
			mainGroup = 204881DF1C3A24A700C6344B;
			productRefGroup = 204881E91C3A24A700C6344B /* Products */;
			projectDirPath = "";
			projectRoot = "";
			targets = (
				204881E71C3A24A700C6344B /* stack-exercise */,
			);
		};
/* End PBXProject section */

/* Begin PBXResourcesBuildPhase section */
		204881E61C3A24A700C6344B /* Resources */ = {
			isa = PBXResourcesBuildPhase;
			buildActionMask = 2147483647;
			files = (
				204881F61C3A24A700C6344B /* LaunchScreen.storyboard in Resources */,
				204881F31C3A24A700C6344B /* Assets.xcassets in Resources */,
				204881F11C3A24A700C6344B /* Main.storyboard in Resources */,
			);
			runOnlyForDeploymentPostprocessing = 0;
		};
/* End PBXResourcesBuildPhase section */

/* Begin PBXSourcesBuildPhase section */
		204881E41C3A24A700C6344B /* Sources */ = {
			isa = PBXSourcesBuildPhase;
			buildActionMask = 2147483647;
			files = (
				204881EE1C3A24A700C6344B /* ViewController.swift in Sources */,
				204881EC1C3A24A700C6344B /* AppDelegate.swift in Sources */,
			);
			runOnlyForDeploymentPostprocessing = 0;
		};
/* End PBXSourcesBuildPhase section */

/* Begin PBXVariantGroup section */
		204881EF1C3A24A700C6344B /* Main.storyboard */ = {
			isa = PBXVariantGroup;
			children = (
				204881F01C3A24A700C6344B /* Base */,
			);
			name = Main.storyboard;
			sourceTree = "<group>";
		};
		204881F41C3A24A700C6344B /* LaunchScreen.storyboard */ = {
			isa = PBXVariantGroup;
			children = (
				204881F51C3A24A700C6344B /* Base */,
			);
			name = LaunchScreen.storyboard;
			sourceTree = "<group>";
		};
/* End PBXVariantGroup section */

/* Begin XCBuildConfiguration section */
		204881F81C3A24A700C6344B /* Debug */ = {
			isa = XCBuildConfiguration;
			buildSettings = {
				ALWAYS_SEARCH_USER_PATHS = NO;
				CLANG_CXX_LANGUAGE_STANDARD = "gnu++0x";
				CLANG_CXX_LIBRARY = "libc++";
				CLANG_ENABLE_MODULES = YES;
				CLANG_ENABLE_OBJC_ARC = YES;
				CLANG_WARN_BOOL_CONVERSION = YES;
				CLANG_WARN_CONSTANT_CONVERSION = YES;
				CLANG_WARN_DIRECT_OBJC_ISA_USAGE = YES_ERROR;
				CLANG_WARN_EMPTY_BODY = YES;
				CLANG_WARN_ENUM_CONVERSION = YES;
				CLANG_WARN_INT_CONVERSION = YES;
				CLANG_WARN_OBJC_ROOT_CLASS = YES_ERROR;
				CLANG_WARN_UNREACHABLE_CODE = YES;
				CLANG_WARN__DUPLICATE_METHOD_MATCH = YES;
				"CODE_SIGN_IDENTITY[sdk=iphoneos*]" = "iPhone Developer";
				COPY_PHASE_STRIP = NO;
				DEBUG_INFORMATION_FORMAT = dwarf;
				ENABLE_STRICT_OBJC_MSGSEND = YES;
				ENABLE_TESTABILITY = YES;
				GCC_C_LANGUAGE_STANDARD = gnu99;
				GCC_DYNAMIC_NO_PIC = NO;
				GCC_NO_COMMON_BLOCKS = YES;
				GCC_OPTIMIZATION_LEVEL = 0;
				GCC_PREPROCESSOR_DEFINITIONS = (
					"DEBUG=1",
					"$(inherited)",
				);
				GCC_WARN_64_TO_32_BIT_CONVERSION = YES;
				GCC_WARN_ABOUT_RETURN_TYPE = YES_ERROR;
				GCC_WARN_UNDECLARED_SELECTOR = YES;
				GCC_WARN_UNINITIALIZED_AUTOS = YES_AGGRESSIVE;
				GCC_WARN_UNUSED_FUNCTION = YES;
				GCC_WARN_UNUSED_VARIABLE = YES;
				IPHONEOS_DEPLOYMENT_TARGET = 9.2;
				MTL_ENABLE_DEBUG_INFO = YES;
				ONLY_ACTIVE_ARCH = YES;
				SDKROOT = iphoneos;
				SWIFT_OPTIMIZATION_LEVEL = "-Onone";
				TARGETED_DEVICE_FAMILY = "1,2";
			};
			name = Debug;
		};
		204881F91C3A24A700C6344B /* Release */ = {
			isa = XCBuildConfiguration;
			buildSettings = {
				ALWAYS_SEARCH_USER_PATHS = NO;
				CLANG_CXX_LANGUAGE_STANDARD = "gnu++0x";
				CLANG_CXX_LIBRARY = "libc++";
				CLANG_ENABLE_MODULES = YES;
				CLANG_ENABLE_OBJC_ARC = YES;
				CLANG_WARN_BOOL_CONVERSION = YES;
				CLANG_WARN_CONSTANT_CONVERSION = YES;
				CLANG_WARN_DIRECT_OBJC_ISA_USAGE = YES_ERROR;
				CLANG_WARN_EMPTY_BODY = YES;
				CLANG_WARN_ENUM_CONVERSION = YES;
				CLANG_WARN_INT_CONVERSION = YES;
				CLANG_WARN_OBJC_ROOT_CLASS = YES_ERROR;
				CLANG_WARN_UNREACHABLE_CODE = YES;
				CLANG_WARN__DUPLICATE_METHOD_MATCH = YES;
				"CODE_SIGN_IDENTITY[sdk=iphoneos*]" = "iPhone Developer";
				COPY_PHASE_STRIP = NO;
				DEBUG_INFORMATION_FORMAT = "dwarf-with-dsym";
				ENABLE_NS_ASSERTIONS = NO;
				ENABLE_STRICT_OBJC_MSGSEND = YES;
				GCC_C_LANGUAGE_STANDARD = gnu99;
				GCC_NO_COMMON_BLOCKS = YES;
				GCC_WARN_64_TO_32_BIT_CONVERSION = YES;
				GCC_WARN_ABOUT_RETURN_TYPE = YES_ERROR;
				GCC_WARN_UNDECLARED_SELECTOR = YES;
				GCC_WARN_UNINITIALIZED_AUTOS = YES_AGGRESSIVE;
				GCC_WARN_UNUSED_FUNCTION = YES;
				GCC_WARN_UNUSED_VARIABLE = YES;
				IPHONEOS_DEPLOYMENT_TARGET = 9.2;
				MTL_ENABLE_DEBUG_INFO = NO;
				SDKROOT = iphoneos;
				TARGETED_DEVICE_FAMILY = "1,2";
				VALIDATE_PRODUCT = YES;
			};
			name = Release;
		};
		204881FB1C3A24A700C6344B /* Debug */ = {
			isa = XCBuildConfiguration;
			buildSettings = {
				ASSETCATALOG_COMPILER_APPICON_NAME = AppIcon;
				INFOPLIST_FILE = "stack-exercise/Info.plist";
				LD_RUNPATH_SEARCH_PATHS = "$(inherited) @executable_path/Frameworks";
				PRODUCT_BUNDLE_IDENTIFIER = "com.diversario.stack-exercise";
				PRODUCT_NAME = "$(TARGET_NAME)";
			};
			name = Debug;
		};
		204881FC1C3A24A700C6344B /* Release */ = {
			isa = XCBuildConfiguration;
			buildSettings = {
				ASSETCATALOG_COMPILER_APPICON_NAME = AppIcon;
				INFOPLIST_FILE = "stack-exercise/Info.plist";
				LD_RUNPATH_SEARCH_PATHS = "$(inherited) @executable_path/Frameworks";
				PRODUCT_BUNDLE_IDENTIFIER = "com.diversario.stack-exercise";
				PRODUCT_NAME = "$(TARGET_NAME)";
			};
			name = Release;
		};
/* End XCBuildConfiguration section */

/* Begin XCConfigurationList section */
		204881E31C3A24A700C6344B /* Build configuration list for PBXProject "stack-exercise" */ = {
			isa = XCConfigurationList;
			buildConfigurations = (
				204881F81C3A24A700C6344B /* Debug */,
				204881F91C3A24A700C6344B /* Release */,
			);
			defaultConfigurationIsVisible = 0;
			defaultConfigurationName = Release;
		};
		204881FA1C3A24A700C6344B /* Build configuration list for PBXNativeTarget "stack-exercise" */ = {
			isa = XCConfigurationList;
			buildConfigurations = (
				204881FB1C3A24A700C6344B /* Debug */,
				204881FC1C3A24A700C6344B /* Release */,
			);
			defaultConfigurationIsVisible = 0;
		};
/* End XCConfigurationList section */
	};
	rootObject = 204881E01C3A24A700C6344B /* Project object */;
}
