// !$*UTF8*$!
{
	archiveVersion = 1;
	classes = {
	};
	objectVersion = 46;
	objects = {

/* Begin PBXBuildFile section */
		20CFBAD11C3B4DF500C8957F /* AppDelegate.swift in Sources */ = {isa = PBXBuildFile; fileRef = 20CFBAD01C3B4DF500C8957F /* AppDelegate.swift */; };
		20CFBAD31C3B4DF500C8957F /* ViewController.swift in Sources */ = {isa = PBXBuildFile; fileRef = 20CFBAD21C3B4DF500C8957F /* ViewController.swift */; };
		20CFBAD61C3B4DF500C8957F /* Main.storyboard in Resources */ = {isa = PBXBuildFile; fileRef = 20CFBAD41C3B4DF500C8957F /* Main.storyboard */; };
		20CFBAD81C3B4DF600C8957F /* Assets.xcassets in Resources */ = {isa = PBXBuildFile; fileRef = 20CFBAD71C3B4DF600C8957F /* Assets.xcassets */; };
		20CFBADB1C3B4DF600C8957F /* LaunchScreen.storyboard in Resources */ = {isa = PBXBuildFile; fileRef = 20CFBAD91C3B4DF600C8957F /* LaunchScreen.storyboard */; };
		20CFBAE31C3B6EC700C8957F /* Minecraft.ttf in Resources */ = {isa = PBXBuildFile; fileRef = 20CFBAE21C3B6EC700C8957F /* Minecraft.ttf */; };
		20CFBAE51C3B8D4E00C8957F /* btn.wav in Resources */ = {isa = PBXBuildFile; fileRef = 20CFBAE41C3B8D4E00C8957F /* btn.wav */; };
/* End PBXBuildFile section */

/* Begin PBXFileReference section */
		20CFBACD1C3B4DF500C8957F /* retro-calculator.app */ = {isa = PBXFileReference; explicitFileType = wrapper.application; includeInIndex = 0; path = "retro-calculator.app"; sourceTree = BUILT_PRODUCTS_DIR; };
		20CFBAD01C3B4DF500C8957F /* AppDelegate.swift */ = {isa = PBXFileReference; lastKnownFileType = sourcecode.swift; path = AppDelegate.swift; sourceTree = "<group>"; };
		20CFBAD21C3B4DF500C8957F /* ViewController.swift */ = {isa = PBXFileReference; lastKnownFileType = sourcecode.swift; path = ViewController.swift; sourceTree = "<group>"; };
		20CFBAD51C3B4DF500C8957F /* Base */ = {isa = PBXFileReference; lastKnownFileType = file.storyboard; name = Base; path = Base.lproj/Main.storyboard; sourceTree = "<group>"; };
		20CFBAD71C3B4DF600C8957F /* Assets.xcassets */ = {isa = PBXFileReference; lastKnownFileType = folder.assetcatalog; path = Assets.xcassets; sourceTree = "<group>"; };
		20CFBADA1C3B4DF600C8957F /* Base */ = {isa = PBXFileReference; lastKnownFileType = file.storyboard; name = Base; path = Base.lproj/LaunchScreen.storyboard; sourceTree = "<group>"; };
		20CFBADC1C3B4DF600C8957F /* Info.plist */ = {isa = PBXFileReference; lastKnownFileType = text.plist.xml; path = Info.plist; sourceTree = "<group>"; };
		20CFBAE21C3B6EC700C8957F /* Minecraft.ttf */ = {isa = PBXFileReference; lastKnownFileType = file; name = Minecraft.ttf; path = ../Minecraft.ttf; sourceTree = "<group>"; };
		20CFBAE41C3B8D4E00C8957F /* btn.wav */ = {isa = PBXFileReference; lastKnownFileType = audio.wav; path = btn.wav; sourceTree = "<group>"; };
/* End PBXFileReference section */

/* Begin PBXFrameworksBuildPhase section */
		20CFBACA1C3B4DF500C8957F /* Frameworks */ = {
			isa = PBXFrameworksBuildPhase;
			buildActionMask = 2147483647;
			files = (
			);
			runOnlyForDeploymentPostprocessing = 0;
		};
/* End PBXFrameworksBuildPhase section */

/* Begin PBXGroup section */
		20CFBAC41C3B4DF500C8957F = {
			isa = PBXGroup;
			children = (
				20CFBACF1C3B4DF500C8957F /* retro-calculator */,
				20CFBACE1C3B4DF500C8957F /* Products */,
			);
			sourceTree = "<group>";
		};
		20CFBACE1C3B4DF500C8957F /* Products */ = {
			isa = PBXGroup;
			children = (
				20CFBACD1C3B4DF500C8957F /* retro-calculator.app */,
			);
			name = Products;
			sourceTree = "<group>";
		};
		20CFBACF1C3B4DF500C8957F /* retro-calculator */ = {
			isa = PBXGroup;
			children = (
				20CFBAE61C3BA22E00C8957F /* Media */,
				20CFBAD01C3B4DF500C8957F /* AppDelegate.swift */,
				20CFBAD21C3B4DF500C8957F /* ViewController.swift */,
				20CFBAD41C3B4DF500C8957F /* Main.storyboard */,
				20CFBAD71C3B4DF600C8957F /* Assets.xcassets */,
				20CFBAD91C3B4DF600C8957F /* LaunchScreen.storyboard */,
				20CFBADC1C3B4DF600C8957F /* Info.plist */,
			);
			path = "retro-calculator";
			sourceTree = "<group>";
		};
		20CFBAE61C3BA22E00C8957F /* Media */ = {
			isa = PBXGroup;
			children = (
				20CFBAE41C3B8D4E00C8957F /* btn.wav */,
				20CFBAE21C3B6EC700C8957F /* Minecraft.ttf */,
			);
			name = Media;
			sourceTree = "<group>";
		};
/* End PBXGroup section */

/* Begin PBXNativeTarget section */
		20CFBACC1C3B4DF500C8957F /* retro-calculator */ = {
			isa = PBXNativeTarget;
			buildConfigurationList = 20CFBADF1C3B4DF600C8957F /* Build configuration list for PBXNativeTarget "retro-calculator" */;
			buildPhases = (
				20CFBAC91C3B4DF500C8957F /* Sources */,
				20CFBACA1C3B4DF500C8957F /* Frameworks */,
				20CFBACB1C3B4DF500C8957F /* Resources */,
			);
			buildRules = (
			);
			dependencies = (
			);
			name = "retro-calculator";
			productName = "retro-calculator";
			productReference = 20CFBACD1C3B4DF500C8957F /* retro-calculator.app */;
			productType = "com.apple.product-type.application";
		};
/* End PBXNativeTarget section */

/* Begin PBXProject section */
		20CFBAC51C3B4DF500C8957F /* Project object */ = {
			isa = PBXProject;
			attributes = {
				LastSwiftUpdateCheck = 0720;
				LastUpgradeCheck = 0720;
				ORGANIZATIONNAME = "Ilya Shaisultanov";
				TargetAttributes = {
					20CFBACC1C3B4DF500C8957F = {
						CreatedOnToolsVersion = 7.2;
						DevelopmentTeam = 5F6QZASLQP;
					};
				};
			};
			buildConfigurationList = 20CFBAC81C3B4DF500C8957F /* Build configuration list for PBXProject "retro-calculator" */;
			compatibilityVersion = "Xcode 3.2";
			developmentRegion = English;
			hasScannedForEncodings = 0;
			knownRegions = (
				en,
				Base,
			);
			mainGroup = 20CFBAC41C3B4DF500C8957F;
			productRefGroup = 20CFBACE1C3B4DF500C8957F /* Products */;
			projectDirPath = "";
			projectRoot = "";
			targets = (
				20CFBACC1C3B4DF500C8957F /* retro-calculator */,
			);
		};
/* End PBXProject section */

/* Begin PBXResourcesBuildPhase section */
		20CFBACB1C3B4DF500C8957F /* Resources */ = {
			isa = PBXResourcesBuildPhase;
			buildActionMask = 2147483647;
			files = (
				20CFBAE51C3B8D4E00C8957F /* btn.wav in Resources */,
				20CFBADB1C3B4DF600C8957F /* LaunchScreen.storyboard in Resources */,
				20CFBAD81C3B4DF600C8957F /* Assets.xcassets in Resources */,
				20CFBAE31C3B6EC700C8957F /* Minecraft.ttf in Resources */,
				20CFBAD61C3B4DF500C8957F /* Main.storyboard in Resources */,
			);
			runOnlyForDeploymentPostprocessing = 0;
		};
/* End PBXResourcesBuildPhase section */

/* Begin PBXSourcesBuildPhase section */
		20CFBAC91C3B4DF500C8957F /* Sources */ = {
			isa = PBXSourcesBuildPhase;
			buildActionMask = 2147483647;
			files = (
				20CFBAD31C3B4DF500C8957F /* ViewController.swift in Sources */,
				20CFBAD11C3B4DF500C8957F /* AppDelegate.swift in Sources */,
			);
			runOnlyForDeploymentPostprocessing = 0;
		};
/* End PBXSourcesBuildPhase section */

/* Begin PBXVariantGroup section */
		20CFBAD41C3B4DF500C8957F /* Main.storyboard */ = {
			isa = PBXVariantGroup;
			children = (
				20CFBAD51C3B4DF500C8957F /* Base */,
			);
			name = Main.storyboard;
			sourceTree = "<group>";
		};
		20CFBAD91C3B4DF600C8957F /* LaunchScreen.storyboard */ = {
			isa = PBXVariantGroup;
			children = (
				20CFBADA1C3B4DF600C8957F /* Base */,
			);
			name = LaunchScreen.storyboard;
			sourceTree = "<group>";
		};
/* End PBXVariantGroup section */

/* Begin XCBuildConfiguration section */
		20CFBADD1C3B4DF600C8957F /* Debug */ = {
			isa = XCBuildConfiguration;
			buildSettings = {
				ALWAYS_SEARCH_USER_PATHS = NO;
				CLANG_CXX_LANGUAGE_STANDARD = "gnu++0x";
				CLANG_CXX_LIBRARY = "libc++";
				CLANG_ENABLE_MODULES = YES;
				CLANG_ENABLE_OBJC_ARC = YES;
				CLANG_WARN_BOOL_CONVERSION = YES;
				CLANG_WARN_CONSTANT_CONVERSION = YES;
				CLANG_WARN_DIRECT_OBJC_ISA_USAGE = YES_ERROR;
				CLANG_WARN_EMPTY_BODY = YES;
				CLANG_WARN_ENUM_CONVERSION = YES;
				CLANG_WARN_INT_CONVERSION = YES;
				CLANG_WARN_OBJC_ROOT_CLASS = YES_ERROR;
				CLANG_WARN_UNREACHABLE_CODE = YES;
				CLANG_WARN__DUPLICATE_METHOD_MATCH = YES;
				"CODE_SIGN_IDENTITY[sdk=iphoneos*]" = "iPhone Developer";
				COPY_PHASE_STRIP = NO;
				DEBUG_INFORMATION_FORMAT = dwarf;
				ENABLE_STRICT_OBJC_MSGSEND = YES;
				ENABLE_TESTABILITY = YES;
				GCC_C_LANGUAGE_STANDARD = gnu99;
				GCC_DYNAMIC_NO_PIC = NO;
				GCC_NO_COMMON_BLOCKS = YES;
				GCC_OPTIMIZATION_LEVEL = 0;
				GCC_PREPROCESSOR_DEFINITIONS = (
					"DEBUG=1",
					"$(inherited)",
				);
				GCC_WARN_64_TO_32_BIT_CONVERSION = YES;
				GCC_WARN_ABOUT_RETURN_TYPE = YES_ERROR;
				GCC_WARN_UNDECLARED_SELECTOR = YES;
				GCC_WARN_UNINITIALIZED_AUTOS = YES_AGGRESSIVE;
				GCC_WARN_UNUSED_FUNCTION = YES;
				GCC_WARN_UNUSED_VARIABLE = YES;
				IPHONEOS_DEPLOYMENT_TARGET = 9.2;
				MTL_ENABLE_DEBUG_INFO = YES;
				ONLY_ACTIVE_ARCH = YES;
				SDKROOT = iphoneos;
				SWIFT_OPTIMIZATION_LEVEL = "-Onone";
				TARGETED_DEVICE_FAMILY = "1,2";
			};
			name = Debug;
		};
		20CFBADE1C3B4DF600C8957F /* Release */ = {
			isa = XCBuildConfiguration;
			buildSettings = {
				ALWAYS_SEARCH_USER_PATHS = NO;
				CLANG_CXX_LANGUAGE_STANDARD = "gnu++0x";
				CLANG_CXX_LIBRARY = "libc++";
				CLANG_ENABLE_MODULES = YES;
				CLANG_ENABLE_OBJC_ARC = YES;
				CLANG_WARN_BOOL_CONVERSION = YES;
				CLANG_WARN_CONSTANT_CONVERSION = YES;
				CLANG_WARN_DIRECT_OBJC_ISA_USAGE = YES_ERROR;
				CLANG_WARN_EMPTY_BODY = YES;
				CLANG_WARN_ENUM_CONVERSION = YES;
				CLANG_WARN_INT_CONVERSION = YES;
				CLANG_WARN_OBJC_ROOT_CLASS = YES_ERROR;
				CLANG_WARN_UNREACHABLE_CODE = YES;
				CLANG_WARN__DUPLICATE_METHOD_MATCH = YES;
				"CODE_SIGN_IDENTITY[sdk=iphoneos*]" = "iPhone Developer";
				COPY_PHASE_STRIP = NO;
				DEBUG_INFORMATION_FORMAT = "dwarf-with-dsym";
				ENABLE_NS_ASSERTIONS = NO;
				ENABLE_STRICT_OBJC_MSGSEND = YES;
				GCC_C_LANGUAGE_STANDARD = gnu99;
				GCC_NO_COMMON_BLOCKS = YES;
				GCC_WARN_64_TO_32_BIT_CONVERSION = YES;
				GCC_WARN_ABOUT_RETURN_TYPE = YES_ERROR;
				GCC_WARN_UNDECLARED_SELECTOR = YES;
				GCC_WARN_UNINITIALIZED_AUTOS = YES_AGGRESSIVE;
				GCC_WARN_UNUSED_FUNCTION = YES;
				GCC_WARN_UNUSED_VARIABLE = YES;
				IPHONEOS_DEPLOYMENT_TARGET = 9.2;
				MTL_ENABLE_DEBUG_INFO = NO;
				SDKROOT = iphoneos;
				TARGETED_DEVICE_FAMILY = "1,2";
				VALIDATE_PRODUCT = YES;
			};
			name = Release;
		};
		20CFBAE01C3B4DF600C8957F /* Debug */ = {
			isa = XCBuildConfiguration;
			buildSettings = {
				ASSETCATALOG_COMPILER_APPICON_NAME = AppIcon;
				INFOPLIST_FILE = "retro-calculator/Info.plist";
				LD_RUNPATH_SEARCH_PATHS = "$(inherited) @executable_path/Frameworks";
				PRODUCT_BUNDLE_IDENTIFIER = "com.diversario.retro-calculator";
				PRODUCT_NAME = "$(TARGET_NAME)";
			};
			name = Debug;
		};
		20CFBAE11C3B4DF600C8957F /* Release */ = {
			isa = XCBuildConfiguration;
			buildSettings = {
				ASSETCATALOG_COMPILER_APPICON_NAME = AppIcon;
				INFOPLIST_FILE = "retro-calculator/Info.plist";
				LD_RUNPATH_SEARCH_PATHS = "$(inherited) @executable_path/Frameworks";
				PRODUCT_BUNDLE_IDENTIFIER = "com.diversario.retro-calculator";
				PRODUCT_NAME = "$(TARGET_NAME)";
			};
			name = Release;
		};
/* End XCBuildConfiguration section */

/* Begin XCConfigurationList section */
		20CFBAC81C3B4DF500C8957F /* Build configuration list for PBXProject "retro-calculator" */ = {
			isa = XCConfigurationList;
			buildConfigurations = (
				20CFBADD1C3B4DF600C8957F /* Debug */,
				20CFBADE1C3B4DF600C8957F /* Release */,
			);
			defaultConfigurationIsVisible = 0;
			defaultConfigurationName = Release;
		};
		20CFBADF1C3B4DF600C8957F /* Build configuration list for PBXNativeTarget "retro-calculator" */ = {
			isa = XCConfigurationList;
			buildConfigurations = (
				20CFBAE01C3B4DF600C8957F /* Debug */,
				20CFBAE11C3B4DF600C8957F /* Release */,
			);
			defaultConfigurationIsVisible = 0;
		};
/* End XCConfigurationList section */
	};
	rootObject = 20CFBAC51C3B4DF500C8957F /* Project object */;
}
