// !$*UTF8*$!
{
	archiveVersion = 1;
	classes = {
	};
	objectVersion = 46;
	objects = {

/* Begin PBXBuildFile section */
		20FDCC181C40D0B0007D87F1 /* AppDelegate.swift in Sources */ = {isa = PBXBuildFile; fileRef = 20FDCC171C40D0B0007D87F1 /* AppDelegate.swift */; };
		20FDCC1A1C40D0B0007D87F1 /* ViewController.swift in Sources */ = {isa = PBXBuildFile; fileRef = 20FDCC191C40D0B0007D87F1 /* ViewController.swift */; };
		20FDCC1D1C40D0B0007D87F1 /* Main.storyboard in Resources */ = {isa = PBXBuildFile; fileRef = 20FDCC1B1C40D0B0007D87F1 /* Main.storyboard */; };
		20FDCC1F1C40D0B0007D87F1 /* Assets.xcassets in Resources */ = {isa = PBXBuildFile; fileRef = 20FDCC1E1C40D0B0007D87F1 /* Assets.xcassets */; };
		20FDCC221C40D0B0007D87F1 /* LaunchScreen.storyboard in Resources */ = {isa = PBXBuildFile; fileRef = 20FDCC201C40D0B0007D87F1 /* LaunchScreen.storyboard */; };
		20FDCC2A1C40D375007D87F1 /* SFButton.swift in Sources */ = {isa = PBXBuildFile; fileRef = 20FDCC291C40D375007D87F1 /* SFButton.swift */; };
		20FDCC2C1C40E398007D87F1 /* BackButton.swift in Sources */ = {isa = PBXBuildFile; fileRef = 20FDCC2B1C40E398007D87F1 /* BackButton.swift */; };
		20FDCC2E1C40E424007D87F1 /* AboutPageViewController.swift in Sources */ = {isa = PBXBuildFile; fileRef = 20FDCC2D1C40E424007D87F1 /* AboutPageViewController.swift */; };
		20FDCC301C40E436007D87F1 /* PhotoPageViewController.swift in Sources */ = {isa = PBXBuildFile; fileRef = 20FDCC2F1C40E436007D87F1 /* PhotoPageViewController.swift */; };
/* End PBXBuildFile section */

/* Begin PBXFileReference section */
		20FDCC141C40D0B0007D87F1 /* fav-places-exercise.app */ = {isa = PBXFileReference; explicitFileType = wrapper.application; includeInIndex = 0; path = "fav-places-exercise.app"; sourceTree = BUILT_PRODUCTS_DIR; };
		20FDCC171C40D0B0007D87F1 /* AppDelegate.swift */ = {isa = PBXFileReference; lastKnownFileType = sourcecode.swift; path = AppDelegate.swift; sourceTree = "<group>"; };
		20FDCC191C40D0B0007D87F1 /* ViewController.swift */ = {isa = PBXFileReference; lastKnownFileType = sourcecode.swift; path = ViewController.swift; sourceTree = "<group>"; };
		20FDCC1C1C40D0B0007D87F1 /* Base */ = {isa = PBXFileReference; lastKnownFileType = file.storyboard; name = Base; path = Base.lproj/Main.storyboard; sourceTree = "<group>"; };
		20FDCC1E1C40D0B0007D87F1 /* Assets.xcassets */ = {isa = PBXFileReference; lastKnownFileType = folder.assetcatalog; path = Assets.xcassets; sourceTree = "<group>"; };
		20FDCC211C40D0B0007D87F1 /* Base */ = {isa = PBXFileReference; lastKnownFileType = file.storyboard; name = Base; path = Base.lproj/LaunchScreen.storyboard; sourceTree = "<group>"; };
		20FDCC231C40D0B0007D87F1 /* Info.plist */ = {isa = PBXFileReference; lastKnownFileType = text.plist.xml; path = Info.plist; sourceTree = "<group>"; };
		20FDCC291C40D375007D87F1 /* SFButton.swift */ = {isa = PBXFileReference; fileEncoding = 4; lastKnownFileType = sourcecode.swift; path = SFButton.swift; sourceTree = "<group>"; };
		20FDCC2B1C40E398007D87F1 /* BackButton.swift */ = {isa = PBXFileReference; fileEncoding = 4; lastKnownFileType = sourcecode.swift; path = BackButton.swift; sourceTree = "<group>"; };
		20FDCC2D1C40E424007D87F1 /* AboutPageViewController.swift */ = {isa = PBXFileReference; fileEncoding = 4; lastKnownFileType = sourcecode.swift; path = AboutPageViewController.swift; sourceTree = "<group>"; };
		20FDCC2F1C40E436007D87F1 /* PhotoPageViewController.swift */ = {isa = PBXFileReference; fileEncoding = 4; lastKnownFileType = sourcecode.swift; path = PhotoPageViewController.swift; sourceTree = "<group>"; };
/* End PBXFileReference section */

/* Begin PBXFrameworksBuildPhase section */
		20FDCC111C40D0B0007D87F1 /* Frameworks */ = {
			isa = PBXFrameworksBuildPhase;
			buildActionMask = 2147483647;
			files = (
			);
			runOnlyForDeploymentPostprocessing = 0;
		};
/* End PBXFrameworksBuildPhase section */

/* Begin PBXGroup section */
		20FDCC0B1C40D0B0007D87F1 = {
			isa = PBXGroup;
			children = (
				20FDCC161C40D0B0007D87F1 /* fav-places-exercise */,
				20FDCC151C40D0B0007D87F1 /* Products */,
			);
			sourceTree = "<group>";
		};
		20FDCC151C40D0B0007D87F1 /* Products */ = {
			isa = PBXGroup;
			children = (
				20FDCC141C40D0B0007D87F1 /* fav-places-exercise.app */,
			);
			name = Products;
			sourceTree = "<group>";
		};
		20FDCC161C40D0B0007D87F1 /* fav-places-exercise */ = {
			isa = PBXGroup;
			children = (
				20FDCC321C40E449007D87F1 /* Model */,
				20FDCC311C40E43D007D87F1 /* Controller */,
				20FDCC171C40D0B0007D87F1 /* AppDelegate.swift */,
				20FDCC1B1C40D0B0007D87F1 /* Main.storyboard */,
				20FDCC1E1C40D0B0007D87F1 /* Assets.xcassets */,
				20FDCC201C40D0B0007D87F1 /* LaunchScreen.storyboard */,
				20FDCC231C40D0B0007D87F1 /* Info.plist */,
			);
			path = "fav-places-exercise";
			sourceTree = "<group>";
		};
		20FDCC311C40E43D007D87F1 /* Controller */ = {
			isa = PBXGroup;
			children = (
				20FDCC191C40D0B0007D87F1 /* ViewController.swift */,
				20FDCC2D1C40E424007D87F1 /* AboutPageViewController.swift */,
				20FDCC2F1C40E436007D87F1 /* PhotoPageViewController.swift */,
			);
			name = Controller;
			sourceTree = "<group>";
		};
		20FDCC321C40E449007D87F1 /* Model */ = {
			isa = PBXGroup;
			children = (
				20FDCC291C40D375007D87F1 /* SFButton.swift */,
				20FDCC2B1C40E398007D87F1 /* BackButton.swift */,
			);
			name = Model;
			sourceTree = "<group>";
		};
/* End PBXGroup section */

/* Begin PBXNativeTarget section */
		20FDCC131C40D0B0007D87F1 /* fav-places-exercise */ = {
			isa = PBXNativeTarget;
			buildConfigurationList = 20FDCC261C40D0B0007D87F1 /* Build configuration list for PBXNativeTarget "fav-places-exercise" */;
			buildPhases = (
				20FDCC101C40D0B0007D87F1 /* Sources */,
				20FDCC111C40D0B0007D87F1 /* Frameworks */,
				20FDCC121C40D0B0007D87F1 /* Resources */,
			);
			buildRules = (
			);
			dependencies = (
			);
			name = "fav-places-exercise";
			productName = "fav-places-exercise";
			productReference = 20FDCC141C40D0B0007D87F1 /* fav-places-exercise.app */;
			productType = "com.apple.product-type.application";
		};
/* End PBXNativeTarget section */

/* Begin PBXProject section */
		20FDCC0C1C40D0B0007D87F1 /* Project object */ = {
			isa = PBXProject;
			attributes = {
				LastSwiftUpdateCheck = 0720;
				LastUpgradeCheck = 0720;
				ORGANIZATIONNAME = "Ilya Shaisultanov";
				TargetAttributes = {
					20FDCC131C40D0B0007D87F1 = {
						CreatedOnToolsVersion = 7.2;
						DevelopmentTeam = 5F6QZASLQP;
					};
				};
			};
			buildConfigurationList = 20FDCC0F1C40D0B0007D87F1 /* Build configuration list for PBXProject "fav-places-exercise" */;
			compatibilityVersion = "Xcode 3.2";
			developmentRegion = English;
			hasScannedForEncodings = 0;
			knownRegions = (
				en,
				Base,
			);
			mainGroup = 20FDCC0B1C40D0B0007D87F1;
			productRefGroup = 20FDCC151C40D0B0007D87F1 /* Products */;
			projectDirPath = "";
			projectRoot = "";
			targets = (
				20FDCC131C40D0B0007D87F1 /* fav-places-exercise */,
			);
		};
/* End PBXProject section */

/* Begin PBXResourcesBuildPhase section */
		20FDCC121C40D0B0007D87F1 /* Resources */ = {
			isa = PBXResourcesBuildPhase;
			buildActionMask = 2147483647;
			files = (
				20FDCC221C40D0B0007D87F1 /* LaunchScreen.storyboard in Resources */,
				20FDCC1F1C40D0B0007D87F1 /* Assets.xcassets in Resources */,
				20FDCC1D1C40D0B0007D87F1 /* Main.storyboard in Resources */,
			);
			runOnlyForDeploymentPostprocessing = 0;
		};
/* End PBXResourcesBuildPhase section */

/* Begin PBXSourcesBuildPhase section */
		20FDCC101C40D0B0007D87F1 /* Sources */ = {
			isa = PBXSourcesBuildPhase;
			buildActionMask = 2147483647;
			files = (
				20FDCC2E1C40E424007D87F1 /* AboutPageViewController.swift in Sources */,
				20FDCC2C1C40E398007D87F1 /* BackButton.swift in Sources */,
				20FDCC301C40E436007D87F1 /* PhotoPageViewController.swift in Sources */,
				20FDCC1A1C40D0B0007D87F1 /* ViewController.swift in Sources */,
				20FDCC2A1C40D375007D87F1 /* SFButton.swift in Sources */,
				20FDCC181C40D0B0007D87F1 /* AppDelegate.swift in Sources */,
			);
			runOnlyForDeploymentPostprocessing = 0;
		};
/* End PBXSourcesBuildPhase section */

/* Begin PBXVariantGroup section */
		20FDCC1B1C40D0B0007D87F1 /* Main.storyboard */ = {
			isa = PBXVariantGroup;
			children = (
				20FDCC1C1C40D0B0007D87F1 /* Base */,
			);
			name = Main.storyboard;
			sourceTree = "<group>";
		};
		20FDCC201C40D0B0007D87F1 /* LaunchScreen.storyboard */ = {
			isa = PBXVariantGroup;
			children = (
				20FDCC211C40D0B0007D87F1 /* Base */,
			);
			name = LaunchScreen.storyboard;
			sourceTree = "<group>";
		};
/* End PBXVariantGroup section */

/* Begin XCBuildConfiguration section */
		20FDCC241C40D0B0007D87F1 /* Debug */ = {
			isa = XCBuildConfiguration;
			buildSettings = {
				ALWAYS_SEARCH_USER_PATHS = NO;
				CLANG_CXX_LANGUAGE_STANDARD = "gnu++0x";
				CLANG_CXX_LIBRARY = "libc++";
				CLANG_ENABLE_MODULES = YES;
				CLANG_ENABLE_OBJC_ARC = YES;
				CLANG_WARN_BOOL_CONVERSION = YES;
				CLANG_WARN_CONSTANT_CONVERSION = YES;
				CLANG_WARN_DIRECT_OBJC_ISA_USAGE = YES_ERROR;
				CLANG_WARN_EMPTY_BODY = YES;
				CLANG_WARN_ENUM_CONVERSION = YES;
				CLANG_WARN_INT_CONVERSION = YES;
				CLANG_WARN_OBJC_ROOT_CLASS = YES_ERROR;
				CLANG_WARN_UNREACHABLE_CODE = YES;
				CLANG_WARN__DUPLICATE_METHOD_MATCH = YES;
				"CODE_SIGN_IDENTITY[sdk=iphoneos*]" = "iPhone Developer";
				COPY_PHASE_STRIP = NO;
				DEBUG_INFORMATION_FORMAT = dwarf;
				ENABLE_STRICT_OBJC_MSGSEND = YES;
				ENABLE_TESTABILITY = YES;
				GCC_C_LANGUAGE_STANDARD = gnu99;
				GCC_DYNAMIC_NO_PIC = NO;
				GCC_NO_COMMON_BLOCKS = YES;
				GCC_OPTIMIZATION_LEVEL = 0;
				GCC_PREPROCESSOR_DEFINITIONS = (
					"DEBUG=1",
					"$(inherited)",
				);
				GCC_WARN_64_TO_32_BIT_CONVERSION = YES;
				GCC_WARN_ABOUT_RETURN_TYPE = YES_ERROR;
				GCC_WARN_UNDECLARED_SELECTOR = YES;
				GCC_WARN_UNINITIALIZED_AUTOS = YES_AGGRESSIVE;
				GCC_WARN_UNUSED_FUNCTION = YES;
				GCC_WARN_UNUSED_VARIABLE = YES;
				IPHONEOS_DEPLOYMENT_TARGET = 9.2;
				MTL_ENABLE_DEBUG_INFO = YES;
				ONLY_ACTIVE_ARCH = YES;
				SDKROOT = iphoneos;
				SWIFT_OPTIMIZATION_LEVEL = "-Onone";
				TARGETED_DEVICE_FAMILY = "1,2";
			};
			name = Debug;
		};
		20FDCC251C40D0B0007D87F1 /* Release */ = {
			isa = XCBuildConfiguration;
			buildSettings = {
				ALWAYS_SEARCH_USER_PATHS = NO;
				CLANG_CXX_LANGUAGE_STANDARD = "gnu++0x";
				CLANG_CXX_LIBRARY = "libc++";
				CLANG_ENABLE_MODULES = YES;
				CLANG_ENABLE_OBJC_ARC = YES;
				CLANG_WARN_BOOL_CONVERSION = YES;
				CLANG_WARN_CONSTANT_CONVERSION = YES;
				CLANG_WARN_DIRECT_OBJC_ISA_USAGE = YES_ERROR;
				CLANG_WARN_EMPTY_BODY = YES;
				CLANG_WARN_ENUM_CONVERSION = YES;
				CLANG_WARN_INT_CONVERSION = YES;
				CLANG_WARN_OBJC_ROOT_CLASS = YES_ERROR;
				CLANG_WARN_UNREACHABLE_CODE = YES;
				CLANG_WARN__DUPLICATE_METHOD_MATCH = YES;
				"CODE_SIGN_IDENTITY[sdk=iphoneos*]" = "iPhone Developer";
				COPY_PHASE_STRIP = NO;
				DEBUG_INFORMATION_FORMAT = "dwarf-with-dsym";
				ENABLE_NS_ASSERTIONS = NO;
				ENABLE_STRICT_OBJC_MSGSEND = YES;
				GCC_C_LANGUAGE_STANDARD = gnu99;
				GCC_NO_COMMON_BLOCKS = YES;
				GCC_WARN_64_TO_32_BIT_CONVERSION = YES;
				GCC_WARN_ABOUT_RETURN_TYPE = YES_ERROR;
				GCC_WARN_UNDECLARED_SELECTOR = YES;
				GCC_WARN_UNINITIALIZED_AUTOS = YES_AGGRESSIVE;
				GCC_WARN_UNUSED_FUNCTION = YES;
				GCC_WARN_UNUSED_VARIABLE = YES;
				IPHONEOS_DEPLOYMENT_TARGET = 9.2;
				MTL_ENABLE_DEBUG_INFO = NO;
				SDKROOT = iphoneos;
				TARGETED_DEVICE_FAMILY = "1,2";
				VALIDATE_PRODUCT = YES;
			};
			name = Release;
		};
		20FDCC271C40D0B0007D87F1 /* Debug */ = {
			isa = XCBuildConfiguration;
			buildSettings = {
				ASSETCATALOG_COMPILER_APPICON_NAME = AppIcon;
				INFOPLIST_FILE = "fav-places-exercise/Info.plist";
				LD_RUNPATH_SEARCH_PATHS = "$(inherited) @executable_path/Frameworks";
				PRODUCT_BUNDLE_IDENTIFIER = "com.diversario.fav-places-exercise";
				PRODUCT_NAME = "$(TARGET_NAME)";
			};
			name = Debug;
		};
		20FDCC281C40D0B0007D87F1 /* Release */ = {
			isa = XCBuildConfiguration;
			buildSettings = {
				ASSETCATALOG_COMPILER_APPICON_NAME = AppIcon;
				INFOPLIST_FILE = "fav-places-exercise/Info.plist";
				LD_RUNPATH_SEARCH_PATHS = "$(inherited) @executable_path/Frameworks";
				PRODUCT_BUNDLE_IDENTIFIER = "com.diversario.fav-places-exercise";
				PRODUCT_NAME = "$(TARGET_NAME)";
			};
			name = Release;
		};
/* End XCBuildConfiguration section */

/* Begin XCConfigurationList section */
		20FDCC0F1C40D0B0007D87F1 /* Build configuration list for PBXProject "fav-places-exercise" */ = {
			isa = XCConfigurationList;
			buildConfigurations = (
				20FDCC241C40D0B0007D87F1 /* Debug */,
				20FDCC251C40D0B0007D87F1 /* Release */,
			);
			defaultConfigurationIsVisible = 0;
			defaultConfigurationName = Release;
		};
		20FDCC261C40D0B0007D87F1 /* Build configuration list for PBXNativeTarget "fav-places-exercise" */ = {
			isa = XCConfigurationList;
			buildConfigurations = (
				20FDCC271C40D0B0007D87F1 /* Debug */,
				20FDCC281C40D0B0007D87F1 /* Release */,
			);
			defaultConfigurationIsVisible = 0;
		};
/* End XCConfigurationList section */
	};
	rootObject = 20FDCC0C1C40D0B0007D87F1 /* Project object */;
}
